<Solution>
  <Folder Name="/samples/">
    <Project Path="samples/DuckType.Sample/DuckType.Sample.csproj" />
  </Folder>
  <Folder Name="/src/">
    <Project Path="src/DuckType.Generator/DuckType.Generator.csproj" />
  </Folder>
  <Folder Name="/tests/">
    <Project Path="tests/DuckType.Tests/DuckType.Tests.csproj" />
  </Folder>
</Solution>
