
Microsoft Visual Studio Solution File, Format Version 12.00
Project("{FAE04EC0-301F-11D3-BF4B-00C04F79EFBC}") = "PaginationEF", "PaginationEF.csproj", "{28D7C2E1-0689-4F58-B32F-4E1C08F16CFE}"
EndProject
Global
	GlobalSection(SolutionConfigurationPlatforms) = preSolution
		Debug|Any CPU = Debug|Any CPU
		Release|Any CPU = Release|Any CPU
	EndGlobalSection
	GlobalSection(ProjectConfigurationPlatforms) = postSolution
		{28D7C2E1-0689-4F58-B32F-4E1C08F16CFE}.Debug|Any CPU.ActiveCfg = Debug|Any CPU
		{28D7C2E1-0689-4F58-B32F-4E1C08F16CFE}.Debug|Any CPU.Build.0 = Debug|Any CPU
		{28D7C2E1-0689-4F58-B32F-4E1C08F16CFE}.Release|Any CPU.ActiveCfg = Release|Any CPU
		{28D7C2E1-0689-4F58-B32F-4E1C08F16CFE}.Release|Any CPU.Build.0 = Release|Any CPU
	EndGlobalSection
EndGlobal
