
Microsoft Visual Studio Solution File, Format Version 12.00
Project("{FAE04EC0-301F-11D3-BF4B-00C04F79EFBC}") = "StringHighlighting", "StringHighlighting.csproj", "{DD0FC98A-EE3F-478B-AD28-75F5000F56EB}"
EndProject
Global
	GlobalSection(SolutionConfigurationPlatforms) = preSolution
		Debug|Any CPU = Debug|Any CPU
		Release|Any CPU = Release|Any CPU
	EndGlobalSection
	GlobalSection(ProjectConfigurationPlatforms) = postSolution
		{DD0FC98A-EE3F-478B-AD28-75F5000F56EB}.Debug|Any CPU.ActiveCfg = Debug|Any CPU
		{DD0FC98A-EE3F-478B-AD28-75F5000F56EB}.Debug|Any CPU.Build.0 = Debug|Any CPU
		{DD0FC98A-EE3F-478B-AD28-75F5000F56EB}.Release|Any CPU.ActiveCfg = Release|Any CPU
		{DD0FC98A-EE3F-478B-AD28-75F5000F56EB}.Release|Any CPU.Build.0 = Release|Any CPU
	EndGlobalSection
EndGlobal
