
Microsoft Visual Studio Solution File, Format Version 12.00
Project("{FAE04EC0-301F-11D3-BF4B-00C04F79EFBC}") = "BlazorRSSFeed", "BlazorRSSFeed.csproj", "{2A419CAD-6798-4997-8B30-CDB82A50E28F}"
EndProject
Global
	GlobalSection(SolutionConfigurationPlatforms) = preSolution
		Debug|Any CPU = Debug|Any CPU
		Release|Any CPU = Release|Any CPU
	EndGlobalSection
	GlobalSection(ProjectConfigurationPlatforms) = postSolution
		{2A419CAD-6798-4997-8B30-CDB82A50E28F}.Debug|Any CPU.ActiveCfg = Debug|Any CPU
		{2A419CAD-6798-4997-8B30-CDB82A50E28F}.Debug|Any CPU.Build.0 = Debug|Any CPU
		{2A419CAD-6798-4997-8B30-CDB82A50E28F}.Release|Any CPU.ActiveCfg = Release|Any CPU
		{2A419CAD-6798-4997-8B30-CDB82A50E28F}.Release|Any CPU.Build.0 = Release|Any CPU
	EndGlobalSection
EndGlobal
