
Microsoft Visual Studio Solution File, Format Version 12.00
Project("{FAE04EC0-301F-11D3-BF4B-00C04F79EFBC}") = "TrieTypeAHead", "TrieTypeAHead.csproj", "{92ACC91F-DDFF-4DD9-966F-93BBB5C119DB}"
EndProject
Global
	GlobalSection(SolutionConfigurationPlatforms) = preSolution
		Debug|Any CPU = Debug|Any CPU
		Release|Any CPU = Release|Any CPU
	EndGlobalSection
	GlobalSection(ProjectConfigurationPlatforms) = postSolution
		{92ACC91F-DDFF-4DD9-966F-93BBB5C119DB}.Debug|Any CPU.ActiveCfg = Debug|Any CPU
		{92ACC91F-DDFF-4DD9-966F-93BBB5C119DB}.Debug|Any CPU.Build.0 = Debug|Any CPU
		{92ACC91F-DDFF-4DD9-966F-93BBB5C119DB}.Release|Any CPU.ActiveCfg = Release|Any CPU
		{92ACC91F-DDFF-4DD9-966F-93BBB5C119DB}.Release|Any CPU.Build.0 = Release|Any CPU
	EndGlobalSection
EndGlobal
