
Microsoft Visual Studio Solution File, Format Version 12.00
Project("{FAE04EC0-301F-11D3-BF4B-00C04F79EFBC}") = "LiteDatabase", "LiteDatabase.csproj", "{7F76AA88-BBDF-4031-8FA2-1B159CEF9B4F}"
EndProject
Global
	GlobalSection(SolutionConfigurationPlatforms) = preSolution
		Debug|Any CPU = Debug|Any CPU
		Release|Any CPU = Release|Any CPU
	EndGlobalSection
	GlobalSection(ProjectConfigurationPlatforms) = postSolution
		{7F76AA88-BBDF-4031-8FA2-1B159CEF9B4F}.Debug|Any CPU.ActiveCfg = Debug|Any CPU
		{7F76AA88-BBDF-4031-8FA2-1B159CEF9B4F}.Debug|Any CPU.Build.0 = Debug|Any CPU
		{7F76AA88-BBDF-4031-8FA2-1B159CEF9B4F}.Release|Any CPU.ActiveCfg = Release|Any CPU
		{7F76AA88-BBDF-4031-8FA2-1B159CEF9B4F}.Release|Any CPU.Build.0 = Release|Any CPU
	EndGlobalSection
EndGlobal
