
Microsoft Visual Studio Solution File, Format Version 12.00
Project("{FAE04EC0-301F-11D3-BF4B-00C04F79EFBC}") = "TailRecursion", "TailRecursion.csproj", "{B3CFD7EA-8C7B-45FE-9AFD-A9AA8F3E7CC8}"
EndProject
Global
	GlobalSection(SolutionConfigurationPlatforms) = preSolution
		Debug|Any CPU = Debug|Any CPU
		Release|Any CPU = Release|Any CPU
	EndGlobalSection
	GlobalSection(ProjectConfigurationPlatforms) = postSolution
		{B3CFD7EA-8C7B-45FE-9AFD-A9AA8F3E7CC8}.Debug|Any CPU.ActiveCfg = Debug|Any CPU
		{B3CFD7EA-8C7B-45FE-9AFD-A9AA8F3E7CC8}.Debug|Any CPU.Build.0 = Debug|Any CPU
		{B3CFD7EA-8C7B-45FE-9AFD-A9AA8F3E7CC8}.Release|Any CPU.ActiveCfg = Release|Any CPU
		{B3CFD7EA-8C7B-45FE-9AFD-A9AA8F3E7CC8}.Release|Any CPU.Build.0 = Release|Any CPU
	EndGlobalSection
EndGlobal
