
Microsoft Visual Studio Solution File, Format Version 12.00
# Visual Studio Version 17
VisualStudioVersion = 17.1.32228.430
MinimumVisualStudioVersion = 15.0.26124.0
Project("{D954291E-2A0B-460D-934E-DC6B0785DB48}") = "TodoApp.Shared", "src\TodoApp.Shared\TodoApp.Shared.shproj", "{6279C845-92F8-4333-AB99-3D213163593C}"
EndProject
Project("{FAE04EC0-301F-11D3-BF4B-00C04F79EFBC}") = "TodoApp.Droid", "src\TodoApp.Droid\TodoApp.Droid.csproj", "{89731240-B9BB-4730-9AAD-9D6B47B7779D}"
EndProject
Project("{FAE04EC0-301F-11D3-BF4B-00C04F79EFBC}") = "TodoApp.iOS", "src\TodoApp.iOS\TodoApp.iOS.csproj", "{227661A2-43DE-443F-80A7-8955A70AE6DC}"
EndProject
Project("{FAE04EC0-301F-11D3-BF4B-00C04F79EFBC}") = "TodoApp.Uwp", "src\TodoApp.UWP\TodoApp.Uwp.csproj", "{C3BD6A84-D68E-49E6-B75E-02B2D08F2E50}"
EndProject
Project("{9A19103F-16F7-4668-BE54-9A1E7A4F7556}") = "TodoApp.Wasm", "src\TodoApp.Wasm\TodoApp.Wasm.csproj", "{40EA03F7-8A22-4143-B251-79BAC3EB13D2}"
EndProject
Project("{FAE04EC0-301F-11D3-BF4B-00C04F79EFBC}") = "TodoApp.macOS", "src\TodoApp.macOS\TodoApp.macOS.csproj", "{E35A43D5-D9C1-408F-AEB3-20049DF40501}"
EndProject
Project("{9A19103F-16F7-4668-BE54-9A1E7A4F7556}") = "TodoApp.Skia.Gtk", "src\TodoApp.Skia.Gtk\TodoApp.Skia.Gtk.csproj", "{A5B8155A-118F-4794-B551-C6F3CF7E5411}"
EndProject
Project("{9A19103F-16F7-4668-BE54-9A1E7A4F7556}") = "TodoApp.Skia.WPF", "src\TodoApp.Skia.WPF\TodoApp.Skia.WPF.csproj", "{2EFA28D0-268D-4B8E-88AD-C3FFA06EDF36}"
EndProject
Project("{9A19103F-16F7-4668-BE54-9A1E7A4F7556}") = "TodoApp.Skia.Wpf.Host", "src\TodoApp.Skia.WPF.Host\TodoApp.Skia.Wpf.Host.csproj", "{6CF284A4-22B1-4F05-97F4-F095C07A598E}"
EndProject
Project("{9A19103F-16F7-4668-BE54-9A1E7A4F7556}") = "TodoApp.Skia.Tizen", "src\TodoApp.Skia.Tizen\TodoApp.Skia.Tizen.csproj", "{9AED22A6-77DC-4799-BAE7-5F26F2070BD2}"
EndProject
Project("{9A19103F-16F7-4668-BE54-9A1E7A4F7556}") = "TodoApp.Skia.Linux.FrameBuffer", "src\TodoApp.Skia.Linux.FrameBuffer\TodoApp.Skia.Linux.FrameBuffer.csproj", "{761D821E-9905-4444-9ADF-76C995FE5427}"
EndProject
Project("{2150E333-8FDC-42A3-9474-1A3956D46DE8}") = "tests", "tests", "{E3D1D8C4-3DF9-44E2-A02A-A0D0A9BFACB4}"
EndProject
Project("{9A19103F-16F7-4668-BE54-9A1E7A4F7556}") = "UI.Tests", "tests\UI.Tests\UI.Tests.csproj", "{25544FCA-E80E-4641-B115-70AE53534A71}"
EndProject
Project("{2150E333-8FDC-42A3-9474-1A3956D46DE8}") = "src", "src", "{00395A7F-CC5C-4D5B-BA0B-0B09F6CFA192}"
EndProject
Global
	GlobalSection(SharedMSBuildProjectFiles) = preSolution
		src\TodoApp.Shared\TodoApp.Shared.projitems*{227661a2-43de-443f-80a7-8955a70ae6dc}*SharedItemsImports = 4
		src\TodoApp.Shared\TodoApp.Shared.projitems*{2efa28d0-268d-4b8e-88ad-c3ffa06edf36}*SharedItemsImports = 5
		src\TodoApp.Shared\TodoApp.Shared.projitems*{40ea03f7-8a22-4143-b251-79bac3eb13d2}*SharedItemsImports = 5
		src\TodoApp.Shared\TodoApp.Shared.projitems*{6279c845-92f8-4333-ab99-3d213163593c}*SharedItemsImports = 13
		src\TodoApp.Shared\TodoApp.Shared.projitems*{761d821e-9905-4444-9adf-76c995fe5427}*SharedItemsImports = 5
		src\TodoApp.Shared\TodoApp.Shared.projitems*{89731240-b9bb-4730-9aad-9d6b47b7779d}*SharedItemsImports = 4
		src\TodoApp.Shared\TodoApp.Shared.projitems*{9aed22a6-77dc-4799-bae7-5f26f2070bd2}*SharedItemsImports = 5
		src\TodoApp.Shared\TodoApp.Shared.projitems*{a5b8155a-118f-4794-b551-c6f3cf7e5411}*SharedItemsImports = 5
		src\TodoApp.Shared\TodoApp.Shared.projitems*{c3bd6a84-d68e-49e6-b75e-02b2d08f2e50}*SharedItemsImports = 4
		src\TodoApp.Shared\TodoApp.Shared.projitems*{e35a43d5-d9c1-408f-aeb3-20049df40501}*SharedItemsImports = 4
	EndGlobalSection
	GlobalSection(SolutionConfigurationPlatforms) = preSolution
		Ad-Hoc|Any CPU = Ad-Hoc|Any CPU
		Ad-Hoc|ARM = Ad-Hoc|ARM
		Ad-Hoc|ARM64 = Ad-Hoc|ARM64
		Ad-Hoc|iPhone = Ad-Hoc|iPhone
		Ad-Hoc|iPhoneSimulator = Ad-Hoc|iPhoneSimulator
		Ad-Hoc|x64 = Ad-Hoc|x64
		Ad-Hoc|x86 = Ad-Hoc|x86
		AppStore|Any CPU = AppStore|Any CPU
		AppStore|ARM = AppStore|ARM
		AppStore|ARM64 = AppStore|ARM64
		AppStore|iPhone = AppStore|iPhone
		AppStore|iPhoneSimulator = AppStore|iPhoneSimulator
		AppStore|x64 = AppStore|x64
		AppStore|x86 = AppStore|x86
		Debug|Any CPU = Debug|Any CPU
		Debug|ARM = Debug|ARM
		Debug|ARM64 = Debug|ARM64
		Debug|iPhone = Debug|iPhone
		Debug|iPhoneSimulator = Debug|iPhoneSimulator
		Debug|x64 = Debug|x64
		Debug|x86 = Debug|x86
		Release|Any CPU = Release|Any CPU
		Release|ARM = Release|ARM
		Release|ARM64 = Release|ARM64
		Release|iPhone = Release|iPhone
		Release|iPhoneSimulator = Release|iPhoneSimulator
		Release|x64 = Release|x64
		Release|x86 = Release|x86
	EndGlobalSection
	GlobalSection(ProjectConfigurationPlatforms) = postSolution
		{89731240-B9BB-4730-9AAD-9D6B47B7779D}.Ad-Hoc|Any CPU.ActiveCfg = Release|Any CPU
		{89731240-B9BB-4730-9AAD-9D6B47B7779D}.Ad-Hoc|Any CPU.Build.0 = Release|Any CPU
		{89731240-B9BB-4730-9AAD-9D6B47B7779D}.Ad-Hoc|Any CPU.Deploy.0 = Release|Any CPU
		{89731240-B9BB-4730-9AAD-9D6B47B7779D}.Ad-Hoc|ARM.ActiveCfg = Release|Any CPU
		{89731240-B9BB-4730-9AAD-9D6B47B7779D}.Ad-Hoc|ARM.Build.0 = Release|Any CPU
		{89731240-B9BB-4730-9AAD-9D6B47B7779D}.Ad-Hoc|ARM.Deploy.0 = Release|Any CPU
		{89731240-B9BB-4730-9AAD-9D6B47B7779D}.Ad-Hoc|ARM64.ActiveCfg = Release|Any CPU
		{89731240-B9BB-4730-9AAD-9D6B47B7779D}.Ad-Hoc|ARM64.Build.0 = Release|Any CPU
		{89731240-B9BB-4730-9AAD-9D6B47B7779D}.Ad-Hoc|ARM64.Deploy.0 = Release|Any CPU
		{89731240-B9BB-4730-9AAD-9D6B47B7779D}.Ad-Hoc|iPhone.ActiveCfg = Release|Any CPU
		{89731240-B9BB-4730-9AAD-9D6B47B7779D}.Ad-Hoc|iPhone.Build.0 = Release|Any CPU
		{89731240-B9BB-4730-9AAD-9D6B47B7779D}.Ad-Hoc|iPhone.Deploy.0 = Release|Any CPU
		{89731240-B9BB-4730-9AAD-9D6B47B7779D}.Ad-Hoc|iPhoneSimulator.ActiveCfg = Release|Any CPU
		{89731240-B9BB-4730-9AAD-9D6B47B7779D}.Ad-Hoc|iPhoneSimulator.Build.0 = Release|Any CPU
		{89731240-B9BB-4730-9AAD-9D6B47B7779D}.Ad-Hoc|iPhoneSimulator.Deploy.0 = Release|Any CPU
		{89731240-B9BB-4730-9AAD-9D6B47B7779D}.Ad-Hoc|x64.ActiveCfg = Release|Any CPU
		{89731240-B9BB-4730-9AAD-9D6B47B7779D}.Ad-Hoc|x64.Build.0 = Release|Any CPU
		{89731240-B9BB-4730-9AAD-9D6B47B7779D}.Ad-Hoc|x64.Deploy.0 = Release|Any CPU
		{89731240-B9BB-4730-9AAD-9D6B47B7779D}.Ad-Hoc|x86.ActiveCfg = Release|Any CPU
		{89731240-B9BB-4730-9AAD-9D6B47B7779D}.Ad-Hoc|x86.Build.0 = Release|Any CPU
		{89731240-B9BB-4730-9AAD-9D6B47B7779D}.Ad-Hoc|x86.Deploy.0 = Release|Any CPU
		{89731240-B9BB-4730-9AAD-9D6B47B7779D}.AppStore|Any CPU.ActiveCfg = Release|Any CPU
		{89731240-B9BB-4730-9AAD-9D6B47B7779D}.AppStore|Any CPU.Build.0 = Release|Any CPU
		{89731240-B9BB-4730-9AAD-9D6B47B7779D}.AppStore|Any CPU.Deploy.0 = Release|Any CPU
		{89731240-B9BB-4730-9AAD-9D6B47B7779D}.AppStore|ARM.ActiveCfg = Release|Any CPU
		{89731240-B9BB-4730-9AAD-9D6B47B7779D}.AppStore|ARM.Build.0 = Release|Any CPU
		{89731240-B9BB-4730-9AAD-9D6B47B7779D}.AppStore|ARM.Deploy.0 = Release|Any CPU
		{89731240-B9BB-4730-9AAD-9D6B47B7779D}.AppStore|ARM64.ActiveCfg = Release|Any CPU
		{89731240-B9BB-4730-9AAD-9D6B47B7779D}.AppStore|ARM64.Build.0 = Release|Any CPU
		{89731240-B9BB-4730-9AAD-9D6B47B7779D}.AppStore|ARM64.Deploy.0 = Release|Any CPU
		{89731240-B9BB-4730-9AAD-9D6B47B7779D}.AppStore|iPhone.ActiveCfg = Release|Any CPU
		{89731240-B9BB-4730-9AAD-9D6B47B7779D}.AppStore|iPhone.Build.0 = Release|Any CPU
		{89731240-B9BB-4730-9AAD-9D6B47B7779D}.AppStore|iPhone.Deploy.0 = Release|Any CPU
		{89731240-B9BB-4730-9AAD-9D6B47B7779D}.AppStore|iPhoneSimulator.ActiveCfg = Release|Any CPU
		{89731240-B9BB-4730-9AAD-9D6B47B7779D}.AppStore|iPhoneSimulator.Build.0 = Release|Any CPU
		{89731240-B9BB-4730-9AAD-9D6B47B7779D}.AppStore|iPhoneSimulator.Deploy.0 = Release|Any CPU
		{89731240-B9BB-4730-9AAD-9D6B47B7779D}.AppStore|x64.ActiveCfg = Release|Any CPU
		{89731240-B9BB-4730-9AAD-9D6B47B7779D}.AppStore|x64.Build.0 = Release|Any CPU
		{89731240-B9BB-4730-9AAD-9D6B47B7779D}.AppStore|x64.Deploy.0 = Release|Any CPU
		{89731240-B9BB-4730-9AAD-9D6B47B7779D}.AppStore|x86.ActiveCfg = Release|Any CPU
		{89731240-B9BB-4730-9AAD-9D6B47B7779D}.AppStore|x86.Build.0 = Release|Any CPU
		{89731240-B9BB-4730-9AAD-9D6B47B7779D}.AppStore|x86.Deploy.0 = Release|Any CPU
		{89731240-B9BB-4730-9AAD-9D6B47B7779D}.Debug|Any CPU.ActiveCfg = Debug|Any CPU
		{89731240-B9BB-4730-9AAD-9D6B47B7779D}.Debug|Any CPU.Build.0 = Debug|Any CPU
		{89731240-B9BB-4730-9AAD-9D6B47B7779D}.Debug|Any CPU.Deploy.0 = Debug|Any CPU
		{89731240-B9BB-4730-9AAD-9D6B47B7779D}.Debug|ARM.ActiveCfg = Debug|Any CPU
		{89731240-B9BB-4730-9AAD-9D6B47B7779D}.Debug|ARM.Build.0 = Debug|Any CPU
		{89731240-B9BB-4730-9AAD-9D6B47B7779D}.Debug|ARM.Deploy.0 = Debug|Any CPU
		{89731240-B9BB-4730-9AAD-9D6B47B7779D}.Debug|ARM64.ActiveCfg = Debug|Any CPU
		{89731240-B9BB-4730-9AAD-9D6B47B7779D}.Debug|ARM64.Build.0 = Debug|Any CPU
		{89731240-B9BB-4730-9AAD-9D6B47B7779D}.Debug|ARM64.Deploy.0 = Debug|Any CPU
		{89731240-B9BB-4730-9AAD-9D6B47B7779D}.Debug|iPhone.ActiveCfg = Debug|Any CPU
		{89731240-B9BB-4730-9AAD-9D6B47B7779D}.Debug|iPhone.Build.0 = Debug|Any CPU
		{89731240-B9BB-4730-9AAD-9D6B47B7779D}.Debug|iPhone.Deploy.0 = Debug|Any CPU
		{89731240-B9BB-4730-9AAD-9D6B47B7779D}.Debug|iPhoneSimulator.ActiveCfg = Debug|Any CPU
		{89731240-B9BB-4730-9AAD-9D6B47B7779D}.Debug|iPhoneSimulator.Build.0 = Debug|Any CPU
		{89731240-B9BB-4730-9AAD-9D6B47B7779D}.Debug|iPhoneSimulator.Deploy.0 = Debug|Any CPU
		{89731240-B9BB-4730-9AAD-9D6B47B7779D}.Debug|x64.ActiveCfg = Debug|Any CPU
		{89731240-B9BB-4730-9AAD-9D6B47B7779D}.Debug|x64.Build.0 = Debug|Any CPU
		{89731240-B9BB-4730-9AAD-9D6B47B7779D}.Debug|x64.Deploy.0 = Debug|Any CPU
		{89731240-B9BB-4730-9AAD-9D6B47B7779D}.Debug|x86.ActiveCfg = Debug|Any CPU
		{89731240-B9BB-4730-9AAD-9D6B47B7779D}.Debug|x86.Build.0 = Debug|Any CPU
		{89731240-B9BB-4730-9AAD-9D6B47B7779D}.Debug|x86.Deploy.0 = Debug|Any CPU
		{89731240-B9BB-4730-9AAD-9D6B47B7779D}.Release|Any CPU.ActiveCfg = Release|Any CPU
		{89731240-B9BB-4730-9AAD-9D6B47B7779D}.Release|Any CPU.Build.0 = Release|Any CPU
		{89731240-B9BB-4730-9AAD-9D6B47B7779D}.Release|Any CPU.Deploy.0 = Release|Any CPU
		{89731240-B9BB-4730-9AAD-9D6B47B7779D}.Release|ARM.ActiveCfg = Release|Any CPU
		{89731240-B9BB-4730-9AAD-9D6B47B7779D}.Release|ARM.Build.0 = Release|Any CPU
		{89731240-B9BB-4730-9AAD-9D6B47B7779D}.Release|ARM.Deploy.0 = Release|Any CPU
		{89731240-B9BB-4730-9AAD-9D6B47B7779D}.Release|ARM64.ActiveCfg = Release|Any CPU
		{89731240-B9BB-4730-9AAD-9D6B47B7779D}.Release|ARM64.Build.0 = Release|Any CPU
		{89731240-B9BB-4730-9AAD-9D6B47B7779D}.Release|ARM64.Deploy.0 = Release|Any CPU
		{89731240-B9BB-4730-9AAD-9D6B47B7779D}.Release|iPhone.ActiveCfg = Release|Any CPU
		{89731240-B9BB-4730-9AAD-9D6B47B7779D}.Release|iPhone.Build.0 = Release|Any CPU
		{89731240-B9BB-4730-9AAD-9D6B47B7779D}.Release|iPhone.Deploy.0 = Release|Any CPU
		{89731240-B9BB-4730-9AAD-9D6B47B7779D}.Release|iPhoneSimulator.ActiveCfg = Release|Any CPU
		{89731240-B9BB-4730-9AAD-9D6B47B7779D}.Release|iPhoneSimulator.Build.0 = Release|Any CPU
		{89731240-B9BB-4730-9AAD-9D6B47B7779D}.Release|iPhoneSimulator.Deploy.0 = Release|Any CPU
		{89731240-B9BB-4730-9AAD-9D6B47B7779D}.Release|x64.ActiveCfg = Release|Any CPU
		{89731240-B9BB-4730-9AAD-9D6B47B7779D}.Release|x64.Build.0 = Release|Any CPU
		{89731240-B9BB-4730-9AAD-9D6B47B7779D}.Release|x64.Deploy.0 = Release|Any CPU
		{89731240-B9BB-4730-9AAD-9D6B47B7779D}.Release|x86.ActiveCfg = Release|Any CPU
		{89731240-B9BB-4730-9AAD-9D6B47B7779D}.Release|x86.Build.0 = Release|Any CPU
		{89731240-B9BB-4730-9AAD-9D6B47B7779D}.Release|x86.Deploy.0 = Release|Any CPU
		{227661A2-43DE-443F-80A7-8955A70AE6DC}.Ad-Hoc|Any CPU.ActiveCfg = Ad-Hoc|iPhoneSimulator
		{227661A2-43DE-443F-80A7-8955A70AE6DC}.Ad-Hoc|Any CPU.Build.0 = Ad-Hoc|iPhoneSimulator
		{227661A2-43DE-443F-80A7-8955A70AE6DC}.Ad-Hoc|ARM.ActiveCfg = Ad-Hoc|iPhoneSimulator
		{227661A2-43DE-443F-80A7-8955A70AE6DC}.Ad-Hoc|ARM.Build.0 = Ad-Hoc|iPhoneSimulator
		{227661A2-43DE-443F-80A7-8955A70AE6DC}.Ad-Hoc|ARM64.ActiveCfg = Ad-Hoc|iPhoneSimulator
		{227661A2-43DE-443F-80A7-8955A70AE6DC}.Ad-Hoc|ARM64.Build.0 = Ad-Hoc|iPhoneSimulator
		{227661A2-43DE-443F-80A7-8955A70AE6DC}.Ad-Hoc|iPhone.ActiveCfg = Ad-Hoc|iPhone
		{227661A2-43DE-443F-80A7-8955A70AE6DC}.Ad-Hoc|iPhone.Build.0 = Ad-Hoc|iPhone
		{227661A2-43DE-443F-80A7-8955A70AE6DC}.Ad-Hoc|iPhoneSimulator.ActiveCfg = Ad-Hoc|iPhoneSimulator
		{227661A2-43DE-443F-80A7-8955A70AE6DC}.Ad-Hoc|iPhoneSimulator.Build.0 = Ad-Hoc|iPhoneSimulator
		{227661A2-43DE-443F-80A7-8955A70AE6DC}.Ad-Hoc|x64.ActiveCfg = Ad-Hoc|iPhoneSimulator
		{227661A2-43DE-443F-80A7-8955A70AE6DC}.Ad-Hoc|x64.Build.0 = Ad-Hoc|iPhoneSimulator
		{227661A2-43DE-443F-80A7-8955A70AE6DC}.Ad-Hoc|x86.ActiveCfg = Ad-Hoc|iPhoneSimulator
		{227661A2-43DE-443F-80A7-8955A70AE6DC}.Ad-Hoc|x86.Build.0 = Ad-Hoc|iPhoneSimulator
		{227661A2-43DE-443F-80A7-8955A70AE6DC}.AppStore|Any CPU.ActiveCfg = AppStore|iPhoneSimulator
		{227661A2-43DE-443F-80A7-8955A70AE6DC}.AppStore|Any CPU.Build.0 = AppStore|iPhoneSimulator
		{227661A2-43DE-443F-80A7-8955A70AE6DC}.AppStore|ARM.ActiveCfg = AppStore|iPhoneSimulator
		{227661A2-43DE-443F-80A7-8955A70AE6DC}.AppStore|ARM.Build.0 = AppStore|iPhoneSimulator
		{227661A2-43DE-443F-80A7-8955A70AE6DC}.AppStore|ARM64.ActiveCfg = AppStore|iPhoneSimulator
		{227661A2-43DE-443F-80A7-8955A70AE6DC}.AppStore|ARM64.Build.0 = AppStore|iPhoneSimulator
		{227661A2-43DE-443F-80A7-8955A70AE6DC}.AppStore|iPhone.ActiveCfg = AppStore|iPhone
		{227661A2-43DE-443F-80A7-8955A70AE6DC}.AppStore|iPhone.Build.0 = AppStore|iPhone
		{227661A2-43DE-443F-80A7-8955A70AE6DC}.AppStore|iPhoneSimulator.ActiveCfg = AppStore|iPhoneSimulator
		{227661A2-43DE-443F-80A7-8955A70AE6DC}.AppStore|iPhoneSimulator.Build.0 = AppStore|iPhoneSimulator
		{227661A2-43DE-443F-80A7-8955A70AE6DC}.AppStore|x64.ActiveCfg = AppStore|iPhoneSimulator
		{227661A2-43DE-443F-80A7-8955A70AE6DC}.AppStore|x64.Build.0 = AppStore|iPhoneSimulator
		{227661A2-43DE-443F-80A7-8955A70AE6DC}.AppStore|x86.ActiveCfg = AppStore|iPhoneSimulator
		{227661A2-43DE-443F-80A7-8955A70AE6DC}.AppStore|x86.Build.0 = AppStore|iPhoneSimulator
		{227661A2-43DE-443F-80A7-8955A70AE6DC}.Debug|Any CPU.ActiveCfg = Debug|iPhone
		{227661A2-43DE-443F-80A7-8955A70AE6DC}.Debug|Any CPU.Build.0 = Debug|iPhone
		{227661A2-43DE-443F-80A7-8955A70AE6DC}.Debug|Any CPU.Deploy.0 = Debug|iPhone
		{227661A2-43DE-443F-80A7-8955A70AE6DC}.Debug|ARM.ActiveCfg = Debug|iPhone
		{227661A2-43DE-443F-80A7-8955A70AE6DC}.Debug|ARM64.ActiveCfg = Debug|iPhone
		{227661A2-43DE-443F-80A7-8955A70AE6DC}.Debug|iPhone.ActiveCfg = Debug|iPhone
		{227661A2-43DE-443F-80A7-8955A70AE6DC}.Debug|iPhone.Build.0 = Debug|iPhone
		{227661A2-43DE-443F-80A7-8955A70AE6DC}.Debug|iPhoneSimulator.ActiveCfg = Debug|iPhoneSimulator
		{227661A2-43DE-443F-80A7-8955A70AE6DC}.Debug|iPhoneSimulator.Build.0 = Debug|iPhoneSimulator
		{227661A2-43DE-443F-80A7-8955A70AE6DC}.Debug|x64.ActiveCfg = Debug|iPhone
		{227661A2-43DE-443F-80A7-8955A70AE6DC}.Debug|x64.Build.0 = Debug|iPhone
		{227661A2-43DE-443F-80A7-8955A70AE6DC}.Debug|x64.Deploy.0 = Debug|iPhone
		{227661A2-43DE-443F-80A7-8955A70AE6DC}.Debug|x86.ActiveCfg = Debug|iPhoneSimulator
		{227661A2-43DE-443F-80A7-8955A70AE6DC}.Debug|x86.Build.0 = Debug|iPhoneSimulator
		{227661A2-43DE-443F-80A7-8955A70AE6DC}.Debug|x86.Deploy.0 = Debug|iPhoneSimulator
		{227661A2-43DE-443F-80A7-8955A70AE6DC}.Release|Any CPU.ActiveCfg = Release|iPhone
		{227661A2-43DE-443F-80A7-8955A70AE6DC}.Release|ARM.ActiveCfg = Release|iPhone
		{227661A2-43DE-443F-80A7-8955A70AE6DC}.Release|ARM64.ActiveCfg = Release|iPhone
		{227661A2-43DE-443F-80A7-8955A70AE6DC}.Release|iPhone.ActiveCfg = Release|iPhone
		{227661A2-43DE-443F-80A7-8955A70AE6DC}.Release|iPhone.Build.0 = Release|iPhone
		{227661A2-43DE-443F-80A7-8955A70AE6DC}.Release|iPhoneSimulator.ActiveCfg = Release|iPhoneSimulator
		{227661A2-43DE-443F-80A7-8955A70AE6DC}.Release|iPhoneSimulator.Build.0 = Release|iPhoneSimulator
		{227661A2-43DE-443F-80A7-8955A70AE6DC}.Release|x64.ActiveCfg = Release|iPhoneSimulator
		{227661A2-43DE-443F-80A7-8955A70AE6DC}.Release|x64.Build.0 = Release|iPhoneSimulator
		{227661A2-43DE-443F-80A7-8955A70AE6DC}.Release|x64.Deploy.0 = Release|iPhoneSimulator
		{227661A2-43DE-443F-80A7-8955A70AE6DC}.Release|x86.ActiveCfg = Release|iPhoneSimulator
		{227661A2-43DE-443F-80A7-8955A70AE6DC}.Release|x86.Build.0 = Release|iPhoneSimulator
		{C3BD6A84-D68E-49E6-B75E-02B2D08F2E50}.Ad-Hoc|Any CPU.ActiveCfg = Release|x64
		{C3BD6A84-D68E-49E6-B75E-02B2D08F2E50}.Ad-Hoc|Any CPU.Build.0 = Release|x64
		{C3BD6A84-D68E-49E6-B75E-02B2D08F2E50}.Ad-Hoc|Any CPU.Deploy.0 = Release|x64
		{C3BD6A84-D68E-49E6-B75E-02B2D08F2E50}.Ad-Hoc|ARM.ActiveCfg = Release|ARM
		{C3BD6A84-D68E-49E6-B75E-02B2D08F2E50}.Ad-Hoc|ARM.Build.0 = Release|ARM
		{C3BD6A84-D68E-49E6-B75E-02B2D08F2E50}.Ad-Hoc|ARM.Deploy.0 = Release|ARM
		{C3BD6A84-D68E-49E6-B75E-02B2D08F2E50}.Ad-Hoc|ARM64.ActiveCfg = Release|ARM64
		{C3BD6A84-D68E-49E6-B75E-02B2D08F2E50}.Ad-Hoc|ARM64.Build.0 = Release|ARM64
		{C3BD6A84-D68E-49E6-B75E-02B2D08F2E50}.Ad-Hoc|ARM64.Deploy.0 = Release|ARM64
		{C3BD6A84-D68E-49E6-B75E-02B2D08F2E50}.Ad-Hoc|iPhone.ActiveCfg = Release|x64
		{C3BD6A84-D68E-49E6-B75E-02B2D08F2E50}.Ad-Hoc|iPhone.Build.0 = Release|x64
		{C3BD6A84-D68E-49E6-B75E-02B2D08F2E50}.Ad-Hoc|iPhone.Deploy.0 = Release|x64
		{C3BD6A84-D68E-49E6-B75E-02B2D08F2E50}.Ad-Hoc|iPhoneSimulator.ActiveCfg = Release|x64
		{C3BD6A84-D68E-49E6-B75E-02B2D08F2E50}.Ad-Hoc|iPhoneSimulator.Build.0 = Release|x64
		{C3BD6A84-D68E-49E6-B75E-02B2D08F2E50}.Ad-Hoc|iPhoneSimulator.Deploy.0 = Release|x64
		{C3BD6A84-D68E-49E6-B75E-02B2D08F2E50}.Ad-Hoc|x64.ActiveCfg = Release|x64
		{C3BD6A84-D68E-49E6-B75E-02B2D08F2E50}.Ad-Hoc|x64.Build.0 = Release|x64
		{C3BD6A84-D68E-49E6-B75E-02B2D08F2E50}.Ad-Hoc|x64.Deploy.0 = Release|x64
		{C3BD6A84-D68E-49E6-B75E-02B2D08F2E50}.Ad-Hoc|x86.ActiveCfg = Release|x86
		{C3BD6A84-D68E-49E6-B75E-02B2D08F2E50}.Ad-Hoc|x86.Build.0 = Release|x86
		{C3BD6A84-D68E-49E6-B75E-02B2D08F2E50}.Ad-Hoc|x86.Deploy.0 = Release|x86
		{C3BD6A84-D68E-49E6-B75E-02B2D08F2E50}.AppStore|Any CPU.ActiveCfg = Release|x64
		{C3BD6A84-D68E-49E6-B75E-02B2D08F2E50}.AppStore|Any CPU.Build.0 = Release|x64
		{C3BD6A84-D68E-49E6-B75E-02B2D08F2E50}.AppStore|Any CPU.Deploy.0 = Release|x64
		{C3BD6A84-D68E-49E6-B75E-02B2D08F2E50}.AppStore|ARM.ActiveCfg = Release|ARM
		{C3BD6A84-D68E-49E6-B75E-02B2D08F2E50}.AppStore|ARM.Build.0 = Release|ARM
		{C3BD6A84-D68E-49E6-B75E-02B2D08F2E50}.AppStore|ARM.Deploy.0 = Release|ARM
		{C3BD6A84-D68E-49E6-B75E-02B2D08F2E50}.AppStore|ARM64.ActiveCfg = Release|ARM64
		{C3BD6A84-D68E-49E6-B75E-02B2D08F2E50}.AppStore|ARM64.Build.0 = Release|ARM64
		{C3BD6A84-D68E-49E6-B75E-02B2D08F2E50}.AppStore|ARM64.Deploy.0 = Release|ARM64
		{C3BD6A84-D68E-49E6-B75E-02B2D08F2E50}.AppStore|iPhone.ActiveCfg = Release|x64
		{C3BD6A84-D68E-49E6-B75E-02B2D08F2E50}.AppStore|iPhone.Build.0 = Release|x64
		{C3BD6A84-D68E-49E6-B75E-02B2D08F2E50}.AppStore|iPhone.Deploy.0 = Release|x64
		{C3BD6A84-D68E-49E6-B75E-02B2D08F2E50}.AppStore|iPhoneSimulator.ActiveCfg = Release|x64
		{C3BD6A84-D68E-49E6-B75E-02B2D08F2E50}.AppStore|iPhoneSimulator.Build.0 = Release|x64
		{C3BD6A84-D68E-49E6-B75E-02B2D08F2E50}.AppStore|iPhoneSimulator.Deploy.0 = Release|x64
		{C3BD6A84-D68E-49E6-B75E-02B2D08F2E50}.AppStore|x64.ActiveCfg = Release|x64
		{C3BD6A84-D68E-49E6-B75E-02B2D08F2E50}.AppStore|x64.Build.0 = Release|x64
		{C3BD6A84-D68E-49E6-B75E-02B2D08F2E50}.AppStore|x64.Deploy.0 = Release|x64
		{C3BD6A84-D68E-49E6-B75E-02B2D08F2E50}.AppStore|x86.ActiveCfg = Release|x86
		{C3BD6A84-D68E-49E6-B75E-02B2D08F2E50}.AppStore|x86.Build.0 = Release|x86
		{C3BD6A84-D68E-49E6-B75E-02B2D08F2E50}.AppStore|x86.Deploy.0 = Release|x86
		{C3BD6A84-D68E-49E6-B75E-02B2D08F2E50}.Debug|Any CPU.ActiveCfg = Debug|x86
		{C3BD6A84-D68E-49E6-B75E-02B2D08F2E50}.Debug|Any CPU.Build.0 = Debug|x86
		{C3BD6A84-D68E-49E6-B75E-02B2D08F2E50}.Debug|Any CPU.Deploy.0 = Debug|x86
		{C3BD6A84-D68E-49E6-B75E-02B2D08F2E50}.Debug|ARM.ActiveCfg = Debug|ARM
		{C3BD6A84-D68E-49E6-B75E-02B2D08F2E50}.Debug|ARM.Build.0 = Debug|ARM
		{C3BD6A84-D68E-49E6-B75E-02B2D08F2E50}.Debug|ARM.Deploy.0 = Debug|ARM
		{C3BD6A84-D68E-49E6-B75E-02B2D08F2E50}.Debug|ARM64.ActiveCfg = Debug|ARM64
		{C3BD6A84-D68E-49E6-B75E-02B2D08F2E50}.Debug|ARM64.Build.0 = Debug|ARM64
		{C3BD6A84-D68E-49E6-B75E-02B2D08F2E50}.Debug|ARM64.Deploy.0 = Debug|ARM64
		{C3BD6A84-D68E-49E6-B75E-02B2D08F2E50}.Debug|iPhone.ActiveCfg = Debug|x86
		{C3BD6A84-D68E-49E6-B75E-02B2D08F2E50}.Debug|iPhone.Build.0 = Debug|x86
		{C3BD6A84-D68E-49E6-B75E-02B2D08F2E50}.Debug|iPhone.Deploy.0 = Debug|x86
		{C3BD6A84-D68E-49E6-B75E-02B2D08F2E50}.Debug|iPhoneSimulator.ActiveCfg = Debug|x86
		{C3BD6A84-D68E-49E6-B75E-02B2D08F2E50}.Debug|iPhoneSimulator.Build.0 = Debug|x86
		{C3BD6A84-D68E-49E6-B75E-02B2D08F2E50}.Debug|iPhoneSimulator.Deploy.0 = Debug|x86
		{C3BD6A84-D68E-49E6-B75E-02B2D08F2E50}.Debug|x64.ActiveCfg = Debug|x64
		{C3BD6A84-D68E-49E6-B75E-02B2D08F2E50}.Debug|x64.Build.0 = Debug|x64
		{C3BD6A84-D68E-49E6-B75E-02B2D08F2E50}.Debug|x64.Deploy.0 = Debug|x64
		{C3BD6A84-D68E-49E6-B75E-02B2D08F2E50}.Debug|x86.ActiveCfg = Debug|x86
		{C3BD6A84-D68E-49E6-B75E-02B2D08F2E50}.Debug|x86.Build.0 = Debug|x86
		{C3BD6A84-D68E-49E6-B75E-02B2D08F2E50}.Debug|x86.Deploy.0 = Debug|x86
		{C3BD6A84-D68E-49E6-B75E-02B2D08F2E50}.Release|Any CPU.ActiveCfg = Release|x86
		{C3BD6A84-D68E-49E6-B75E-02B2D08F2E50}.Release|ARM.ActiveCfg = Release|ARM
		{C3BD6A84-D68E-49E6-B75E-02B2D08F2E50}.Release|ARM.Build.0 = Release|ARM
		{C3BD6A84-D68E-49E6-B75E-02B2D08F2E50}.Release|ARM.Deploy.0 = Release|ARM
		{C3BD6A84-D68E-49E6-B75E-02B2D08F2E50}.Release|ARM64.ActiveCfg = Release|ARM64
		{C3BD6A84-D68E-49E6-B75E-02B2D08F2E50}.Release|ARM64.Build.0 = Release|ARM64
		{C3BD6A84-D68E-49E6-B75E-02B2D08F2E50}.Release|ARM64.Deploy.0 = Release|ARM64
		{C3BD6A84-D68E-49E6-B75E-02B2D08F2E50}.Release|iPhone.ActiveCfg = Release|x86
		{C3BD6A84-D68E-49E6-B75E-02B2D08F2E50}.Release|iPhone.Build.0 = Release|x86
		{C3BD6A84-D68E-49E6-B75E-02B2D08F2E50}.Release|iPhoneSimulator.ActiveCfg = Release|x86
		{C3BD6A84-D68E-49E6-B75E-02B2D08F2E50}.Release|iPhoneSimulator.Build.0 = Release|x86
		{C3BD6A84-D68E-49E6-B75E-02B2D08F2E50}.Release|iPhoneSimulator.Deploy.0 = Release|x86
		{C3BD6A84-D68E-49E6-B75E-02B2D08F2E50}.Release|x64.ActiveCfg = Release|x64
		{C3BD6A84-D68E-49E6-B75E-02B2D08F2E50}.Release|x64.Build.0 = Release|x64
		{C3BD6A84-D68E-49E6-B75E-02B2D08F2E50}.Release|x64.Deploy.0 = Release|x64
		{C3BD6A84-D68E-49E6-B75E-02B2D08F2E50}.Release|x86.ActiveCfg = Release|x86
		{C3BD6A84-D68E-49E6-B75E-02B2D08F2E50}.Release|x86.Build.0 = Release|x86
		{C3BD6A84-D68E-49E6-B75E-02B2D08F2E50}.Release|x86.Deploy.0 = Release|x86
		{40EA03F7-8A22-4143-B251-79BAC3EB13D2}.Ad-Hoc|Any CPU.ActiveCfg = Release|Any CPU
		{40EA03F7-8A22-4143-B251-79BAC3EB13D2}.Ad-Hoc|Any CPU.Build.0 = Release|Any CPU
		{40EA03F7-8A22-4143-B251-79BAC3EB13D2}.Ad-Hoc|ARM.ActiveCfg = Release|Any CPU
		{40EA03F7-8A22-4143-B251-79BAC3EB13D2}.Ad-Hoc|ARM.Build.0 = Release|Any CPU
		{40EA03F7-8A22-4143-B251-79BAC3EB13D2}.Ad-Hoc|ARM64.ActiveCfg = Release|Any CPU
		{40EA03F7-8A22-4143-B251-79BAC3EB13D2}.Ad-Hoc|ARM64.Build.0 = Release|Any CPU
		{40EA03F7-8A22-4143-B251-79BAC3EB13D2}.Ad-Hoc|iPhone.ActiveCfg = Release|Any CPU
		{40EA03F7-8A22-4143-B251-79BAC3EB13D2}.Ad-Hoc|iPhone.Build.0 = Release|Any CPU
		{40EA03F7-8A22-4143-B251-79BAC3EB13D2}.Ad-Hoc|iPhoneSimulator.ActiveCfg = Release|Any CPU
		{40EA03F7-8A22-4143-B251-79BAC3EB13D2}.Ad-Hoc|iPhoneSimulator.Build.0 = Release|Any CPU
		{40EA03F7-8A22-4143-B251-79BAC3EB13D2}.Ad-Hoc|x64.ActiveCfg = Release|Any CPU
		{40EA03F7-8A22-4143-B251-79BAC3EB13D2}.Ad-Hoc|x64.Build.0 = Release|Any CPU
		{40EA03F7-8A22-4143-B251-79BAC3EB13D2}.Ad-Hoc|x86.ActiveCfg = Release|Any CPU
		{40EA03F7-8A22-4143-B251-79BAC3EB13D2}.Ad-Hoc|x86.Build.0 = Release|Any CPU
		{40EA03F7-8A22-4143-B251-79BAC3EB13D2}.AppStore|Any CPU.ActiveCfg = Release|Any CPU
		{40EA03F7-8A22-4143-B251-79BAC3EB13D2}.AppStore|Any CPU.Build.0 = Release|Any CPU
		{40EA03F7-8A22-4143-B251-79BAC3EB13D2}.AppStore|ARM.ActiveCfg = Release|Any CPU
		{40EA03F7-8A22-4143-B251-79BAC3EB13D2}.AppStore|ARM.Build.0 = Release|Any CPU
		{40EA03F7-8A22-4143-B251-79BAC3EB13D2}.AppStore|ARM64.ActiveCfg = Release|Any CPU
		{40EA03F7-8A22-4143-B251-79BAC3EB13D2}.AppStore|ARM64.Build.0 = Release|Any CPU
		{40EA03F7-8A22-4143-B251-79BAC3EB13D2}.AppStore|iPhone.ActiveCfg = Release|Any CPU
		{40EA03F7-8A22-4143-B251-79BAC3EB13D2}.AppStore|iPhone.Build.0 = Release|Any CPU
		{40EA03F7-8A22-4143-B251-79BAC3EB13D2}.AppStore|iPhoneSimulator.ActiveCfg = Release|Any CPU
		{40EA03F7-8A22-4143-B251-79BAC3EB13D2}.AppStore|iPhoneSimulator.Build.0 = Release|Any CPU
		{40EA03F7-8A22-4143-B251-79BAC3EB13D2}.AppStore|x64.ActiveCfg = Release|Any CPU
		{40EA03F7-8A22-4143-B251-79BAC3EB13D2}.AppStore|x64.Build.0 = Release|Any CPU
		{40EA03F7-8A22-4143-B251-79BAC3EB13D2}.AppStore|x86.ActiveCfg = Release|Any CPU
		{40EA03F7-8A22-4143-B251-79BAC3EB13D2}.AppStore|x86.Build.0 = Release|Any CPU
		{40EA03F7-8A22-4143-B251-79BAC3EB13D2}.Debug|Any CPU.ActiveCfg = Debug|Any CPU
		{40EA03F7-8A22-4143-B251-79BAC3EB13D2}.Debug|Any CPU.Build.0 = Debug|Any CPU
		{40EA03F7-8A22-4143-B251-79BAC3EB13D2}.Debug|ARM.ActiveCfg = Debug|Any CPU
		{40EA03F7-8A22-4143-B251-79BAC3EB13D2}.Debug|ARM.Build.0 = Debug|Any CPU
		{40EA03F7-8A22-4143-B251-79BAC3EB13D2}.Debug|ARM64.ActiveCfg = Debug|Any CPU
		{40EA03F7-8A22-4143-B251-79BAC3EB13D2}.Debug|ARM64.Build.0 = Debug|Any CPU
		{40EA03F7-8A22-4143-B251-79BAC3EB13D2}.Debug|iPhone.ActiveCfg = Debug|Any CPU
		{40EA03F7-8A22-4143-B251-79BAC3EB13D2}.Debug|iPhone.Build.0 = Debug|Any CPU
		{40EA03F7-8A22-4143-B251-79BAC3EB13D2}.Debug|iPhoneSimulator.ActiveCfg = Debug|Any CPU
		{40EA03F7-8A22-4143-B251-79BAC3EB13D2}.Debug|iPhoneSimulator.Build.0 = Debug|Any CPU
		{40EA03F7-8A22-4143-B251-79BAC3EB13D2}.Debug|x64.ActiveCfg = Debug|Any CPU
		{40EA03F7-8A22-4143-B251-79BAC3EB13D2}.Debug|x64.Build.0 = Debug|Any CPU
		{40EA03F7-8A22-4143-B251-79BAC3EB13D2}.Debug|x86.ActiveCfg = Debug|Any CPU
		{40EA03F7-8A22-4143-B251-79BAC3EB13D2}.Debug|x86.Build.0 = Debug|Any CPU
		{40EA03F7-8A22-4143-B251-79BAC3EB13D2}.Release|Any CPU.ActiveCfg = Release|Any CPU
		{40EA03F7-8A22-4143-B251-79BAC3EB13D2}.Release|Any CPU.Build.0 = Release|Any CPU
		{40EA03F7-8A22-4143-B251-79BAC3EB13D2}.Release|ARM.ActiveCfg = Release|Any CPU
		{40EA03F7-8A22-4143-B251-79BAC3EB13D2}.Release|ARM.Build.0 = Release|Any CPU
		{40EA03F7-8A22-4143-B251-79BAC3EB13D2}.Release|ARM64.ActiveCfg = Release|Any CPU
		{40EA03F7-8A22-4143-B251-79BAC3EB13D2}.Release|ARM64.Build.0 = Release|Any CPU
		{40EA03F7-8A22-4143-B251-79BAC3EB13D2}.Release|iPhone.ActiveCfg = Release|Any CPU
		{40EA03F7-8A22-4143-B251-79BAC3EB13D2}.Release|iPhone.Build.0 = Release|Any CPU
		{40EA03F7-8A22-4143-B251-79BAC3EB13D2}.Release|iPhoneSimulator.ActiveCfg = Release|Any CPU
		{40EA03F7-8A22-4143-B251-79BAC3EB13D2}.Release|iPhoneSimulator.Build.0 = Release|Any CPU
		{40EA03F7-8A22-4143-B251-79BAC3EB13D2}.Release|x64.ActiveCfg = Release|Any CPU
		{40EA03F7-8A22-4143-B251-79BAC3EB13D2}.Release|x64.Build.0 = Release|Any CPU
		{40EA03F7-8A22-4143-B251-79BAC3EB13D2}.Release|x86.ActiveCfg = Release|Any CPU
		{40EA03F7-8A22-4143-B251-79BAC3EB13D2}.Release|x86.Build.0 = Release|Any CPU
		{E35A43D5-D9C1-408F-AEB3-20049DF40501}.Ad-Hoc|Any CPU.ActiveCfg = Release|iPhoneSimulator
		{E35A43D5-D9C1-408F-AEB3-20049DF40501}.Ad-Hoc|Any CPU.Build.0 = Release|iPhoneSimulator
		{E35A43D5-D9C1-408F-AEB3-20049DF40501}.Ad-Hoc|ARM.ActiveCfg = Release|iPhoneSimulator
		{E35A43D5-D9C1-408F-AEB3-20049DF40501}.Ad-Hoc|ARM.Build.0 = Release|iPhoneSimulator
		{E35A43D5-D9C1-408F-AEB3-20049DF40501}.Ad-Hoc|ARM64.ActiveCfg = Release|iPhoneSimulator
		{E35A43D5-D9C1-408F-AEB3-20049DF40501}.Ad-Hoc|ARM64.Build.0 = Release|iPhoneSimulator
		{E35A43D5-D9C1-408F-AEB3-20049DF40501}.Ad-Hoc|iPhone.ActiveCfg = Release|iPhoneSimulator
		{E35A43D5-D9C1-408F-AEB3-20049DF40501}.Ad-Hoc|iPhone.Build.0 = Release|iPhoneSimulator
		{E35A43D5-D9C1-408F-AEB3-20049DF40501}.Ad-Hoc|iPhoneSimulator.ActiveCfg = Release|iPhoneSimulator
		{E35A43D5-D9C1-408F-AEB3-20049DF40501}.Ad-Hoc|iPhoneSimulator.Build.0 = Release|iPhoneSimulator
		{E35A43D5-D9C1-408F-AEB3-20049DF40501}.Ad-Hoc|x64.ActiveCfg = Release|iPhoneSimulator
		{E35A43D5-D9C1-408F-AEB3-20049DF40501}.Ad-Hoc|x64.Build.0 = Release|iPhoneSimulator
		{E35A43D5-D9C1-408F-AEB3-20049DF40501}.Ad-Hoc|x86.ActiveCfg = Release|iPhoneSimulator
		{E35A43D5-D9C1-408F-AEB3-20049DF40501}.Ad-Hoc|x86.Build.0 = Release|iPhoneSimulator
		{E35A43D5-D9C1-408F-AEB3-20049DF40501}.AppStore|Any CPU.ActiveCfg = Release|iPhoneSimulator
		{E35A43D5-D9C1-408F-AEB3-20049DF40501}.AppStore|Any CPU.Build.0 = Release|iPhoneSimulator
		{E35A43D5-D9C1-408F-AEB3-20049DF40501}.AppStore|ARM.ActiveCfg = Release|iPhoneSimulator
		{E35A43D5-D9C1-408F-AEB3-20049DF40501}.AppStore|ARM.Build.0 = Release|iPhoneSimulator
		{E35A43D5-D9C1-408F-AEB3-20049DF40501}.AppStore|ARM64.ActiveCfg = Release|iPhoneSimulator
		{E35A43D5-D9C1-408F-AEB3-20049DF40501}.AppStore|ARM64.Build.0 = Release|iPhoneSimulator
		{E35A43D5-D9C1-408F-AEB3-20049DF40501}.AppStore|iPhone.ActiveCfg = Release|iPhoneSimulator
		{E35A43D5-D9C1-408F-AEB3-20049DF40501}.AppStore|iPhone.Build.0 = Release|iPhoneSimulator
		{E35A43D5-D9C1-408F-AEB3-20049DF40501}.AppStore|iPhoneSimulator.ActiveCfg = Release|iPhoneSimulator
		{E35A43D5-D9C1-408F-AEB3-20049DF40501}.AppStore|iPhoneSimulator.Build.0 = Release|iPhoneSimulator
		{E35A43D5-D9C1-408F-AEB3-20049DF40501}.AppStore|x64.ActiveCfg = Release|iPhoneSimulator
		{E35A43D5-D9C1-408F-AEB3-20049DF40501}.AppStore|x64.Build.0 = Release|iPhoneSimulator
		{E35A43D5-D9C1-408F-AEB3-20049DF40501}.AppStore|x86.ActiveCfg = Release|iPhoneSimulator
		{E35A43D5-D9C1-408F-AEB3-20049DF40501}.AppStore|x86.Build.0 = Release|iPhoneSimulator
		{E35A43D5-D9C1-408F-AEB3-20049DF40501}.Debug|Any CPU.ActiveCfg = Debug|iPhoneSimulator
		{E35A43D5-D9C1-408F-AEB3-20049DF40501}.Debug|Any CPU.Build.0 = Debug|iPhoneSimulator
		{E35A43D5-D9C1-408F-AEB3-20049DF40501}.Debug|ARM.ActiveCfg = Debug|iPhoneSimulator
		{E35A43D5-D9C1-408F-AEB3-20049DF40501}.Debug|ARM64.ActiveCfg = Debug|iPhoneSimulator
		{E35A43D5-D9C1-408F-AEB3-20049DF40501}.Debug|iPhone.ActiveCfg = Debug|iPhoneSimulator
		{E35A43D5-D9C1-408F-AEB3-20049DF40501}.Debug|iPhone.Build.0 = Debug|iPhoneSimulator
		{E35A43D5-D9C1-408F-AEB3-20049DF40501}.Debug|iPhoneSimulator.ActiveCfg = Debug|iPhoneSimulator
		{E35A43D5-D9C1-408F-AEB3-20049DF40501}.Debug|iPhoneSimulator.Build.0 = Debug|iPhoneSimulator
		{E35A43D5-D9C1-408F-AEB3-20049DF40501}.Debug|x64.ActiveCfg = Debug|iPhoneSimulator
		{E35A43D5-D9C1-408F-AEB3-20049DF40501}.Debug|x64.Build.0 = Debug|iPhoneSimulator
		{E35A43D5-D9C1-408F-AEB3-20049DF40501}.Debug|x86.ActiveCfg = Debug|iPhoneSimulator
		{E35A43D5-D9C1-408F-AEB3-20049DF40501}.Debug|x86.Build.0 = Debug|iPhoneSimulator
		{E35A43D5-D9C1-408F-AEB3-20049DF40501}.Release|Any CPU.ActiveCfg = Release|iPhoneSimulator
		{E35A43D5-D9C1-408F-AEB3-20049DF40501}.Release|ARM.ActiveCfg = Release|iPhoneSimulator
		{E35A43D5-D9C1-408F-AEB3-20049DF40501}.Release|ARM64.ActiveCfg = Release|iPhoneSimulator
		{E35A43D5-D9C1-408F-AEB3-20049DF40501}.Release|iPhone.ActiveCfg = Release|iPhoneSimulator
		{E35A43D5-D9C1-408F-AEB3-20049DF40501}.Release|iPhone.Build.0 = Release|iPhoneSimulator
		{E35A43D5-D9C1-408F-AEB3-20049DF40501}.Release|iPhoneSimulator.ActiveCfg = Release|iPhoneSimulator
		{E35A43D5-D9C1-408F-AEB3-20049DF40501}.Release|iPhoneSimulator.Build.0 = Release|iPhoneSimulator
		{E35A43D5-D9C1-408F-AEB3-20049DF40501}.Release|x64.ActiveCfg = Release|iPhoneSimulator
		{E35A43D5-D9C1-408F-AEB3-20049DF40501}.Release|x64.Build.0 = Release|iPhoneSimulator
		{E35A43D5-D9C1-408F-AEB3-20049DF40501}.Release|x86.ActiveCfg = Release|iPhoneSimulator
		{E35A43D5-D9C1-408F-AEB3-20049DF40501}.Release|x86.Build.0 = Release|iPhoneSimulator
		{A5B8155A-118F-4794-B551-C6F3CF7E5411}.Ad-Hoc|Any CPU.ActiveCfg = Release|Any CPU
		{A5B8155A-118F-4794-B551-C6F3CF7E5411}.Ad-Hoc|Any CPU.Build.0 = Release|Any CPU
		{A5B8155A-118F-4794-B551-C6F3CF7E5411}.Ad-Hoc|ARM.ActiveCfg = Release|Any CPU
		{A5B8155A-118F-4794-B551-C6F3CF7E5411}.Ad-Hoc|ARM.Build.0 = Release|Any CPU
		{A5B8155A-118F-4794-B551-C6F3CF7E5411}.Ad-Hoc|ARM64.ActiveCfg = Release|Any CPU
		{A5B8155A-118F-4794-B551-C6F3CF7E5411}.Ad-Hoc|ARM64.Build.0 = Release|Any CPU
		{A5B8155A-118F-4794-B551-C6F3CF7E5411}.Ad-Hoc|iPhone.ActiveCfg = Release|Any CPU
		{A5B8155A-118F-4794-B551-C6F3CF7E5411}.Ad-Hoc|iPhone.Build.0 = Release|Any CPU
		{A5B8155A-118F-4794-B551-C6F3CF7E5411}.Ad-Hoc|iPhoneSimulator.ActiveCfg = Release|Any CPU
		{A5B8155A-118F-4794-B551-C6F3CF7E5411}.Ad-Hoc|iPhoneSimulator.Build.0 = Release|Any CPU
		{A5B8155A-118F-4794-B551-C6F3CF7E5411}.Ad-Hoc|x64.ActiveCfg = Release|Any CPU
		{A5B8155A-118F-4794-B551-C6F3CF7E5411}.Ad-Hoc|x64.Build.0 = Release|Any CPU
		{A5B8155A-118F-4794-B551-C6F3CF7E5411}.Ad-Hoc|x86.ActiveCfg = Release|Any CPU
		{A5B8155A-118F-4794-B551-C6F3CF7E5411}.Ad-Hoc|x86.Build.0 = Release|Any CPU
		{A5B8155A-118F-4794-B551-C6F3CF7E5411}.AppStore|Any CPU.ActiveCfg = Release|Any CPU
		{A5B8155A-118F-4794-B551-C6F3CF7E5411}.AppStore|Any CPU.Build.0 = Release|Any CPU
		{A5B8155A-118F-4794-B551-C6F3CF7E5411}.AppStore|ARM.ActiveCfg = Release|Any CPU
		{A5B8155A-118F-4794-B551-C6F3CF7E5411}.AppStore|ARM.Build.0 = Release|Any CPU
		{A5B8155A-118F-4794-B551-C6F3CF7E5411}.AppStore|ARM64.ActiveCfg = Release|Any CPU
		{A5B8155A-118F-4794-B551-C6F3CF7E5411}.AppStore|ARM64.Build.0 = Release|Any CPU
		{A5B8155A-118F-4794-B551-C6F3CF7E5411}.AppStore|iPhone.ActiveCfg = Release|Any CPU
		{A5B8155A-118F-4794-B551-C6F3CF7E5411}.AppStore|iPhone.Build.0 = Release|Any CPU
		{A5B8155A-118F-4794-B551-C6F3CF7E5411}.AppStore|iPhoneSimulator.ActiveCfg = Release|Any CPU
		{A5B8155A-118F-4794-B551-C6F3CF7E5411}.AppStore|iPhoneSimulator.Build.0 = Release|Any CPU
		{A5B8155A-118F-4794-B551-C6F3CF7E5411}.AppStore|x64.ActiveCfg = Release|Any CPU
		{A5B8155A-118F-4794-B551-C6F3CF7E5411}.AppStore|x64.Build.0 = Release|Any CPU
		{A5B8155A-118F-4794-B551-C6F3CF7E5411}.AppStore|x86.ActiveCfg = Release|Any CPU
		{A5B8155A-118F-4794-B551-C6F3CF7E5411}.AppStore|x86.Build.0 = Release|Any CPU
		{A5B8155A-118F-4794-B551-C6F3CF7E5411}.Debug|Any CPU.ActiveCfg = Debug|Any CPU
		{A5B8155A-118F-4794-B551-C6F3CF7E5411}.Debug|Any CPU.Build.0 = Debug|Any CPU
		{A5B8155A-118F-4794-B551-C6F3CF7E5411}.Debug|ARM.ActiveCfg = Debug|Any CPU
		{A5B8155A-118F-4794-B551-C6F3CF7E5411}.Debug|ARM.Build.0 = Debug|Any CPU
		{A5B8155A-118F-4794-B551-C6F3CF7E5411}.Debug|ARM64.ActiveCfg = Debug|Any CPU
		{A5B8155A-118F-4794-B551-C6F3CF7E5411}.Debug|ARM64.Build.0 = Debug|Any CPU
		{A5B8155A-118F-4794-B551-C6F3CF7E5411}.Debug|iPhone.ActiveCfg = Debug|Any CPU
		{A5B8155A-118F-4794-B551-C6F3CF7E5411}.Debug|iPhone.Build.0 = Debug|Any CPU
		{A5B8155A-118F-4794-B551-C6F3CF7E5411}.Debug|iPhoneSimulator.ActiveCfg = Debug|Any CPU
		{A5B8155A-118F-4794-B551-C6F3CF7E5411}.Debug|iPhoneSimulator.Build.0 = Debug|Any CPU
		{A5B8155A-118F-4794-B551-C6F3CF7E5411}.Debug|x64.ActiveCfg = Debug|Any CPU
		{A5B8155A-118F-4794-B551-C6F3CF7E5411}.Debug|x64.Build.0 = Debug|Any CPU
		{A5B8155A-118F-4794-B551-C6F3CF7E5411}.Debug|x86.ActiveCfg = Debug|Any CPU
		{A5B8155A-118F-4794-B551-C6F3CF7E5411}.Debug|x86.Build.0 = Debug|Any CPU
		{A5B8155A-118F-4794-B551-C6F3CF7E5411}.Release|Any CPU.ActiveCfg = Release|Any CPU
		{A5B8155A-118F-4794-B551-C6F3CF7E5411}.Release|Any CPU.Build.0 = Release|Any CPU
		{A5B8155A-118F-4794-B551-C6F3CF7E5411}.Release|ARM.ActiveCfg = Release|Any CPU
		{A5B8155A-118F-4794-B551-C6F3CF7E5411}.Release|ARM.Build.0 = Release|Any CPU
		{A5B8155A-118F-4794-B551-C6F3CF7E5411}.Release|ARM64.ActiveCfg = Release|Any CPU
		{A5B8155A-118F-4794-B551-C6F3CF7E5411}.Release|ARM64.Build.0 = Release|Any CPU
		{A5B8155A-118F-4794-B551-C6F3CF7E5411}.Release|iPhone.ActiveCfg = Release|Any CPU
		{A5B8155A-118F-4794-B551-C6F3CF7E5411}.Release|iPhone.Build.0 = Release|Any CPU
		{A5B8155A-118F-4794-B551-C6F3CF7E5411}.Release|iPhoneSimulator.ActiveCfg = Release|Any CPU
		{A5B8155A-118F-4794-B551-C6F3CF7E5411}.Release|iPhoneSimulator.Build.0 = Release|Any CPU
		{A5B8155A-118F-4794-B551-C6F3CF7E5411}.Release|x64.ActiveCfg = Release|Any CPU
		{A5B8155A-118F-4794-B551-C6F3CF7E5411}.Release|x64.Build.0 = Release|Any CPU
		{A5B8155A-118F-4794-B551-C6F3CF7E5411}.Release|x86.ActiveCfg = Release|Any CPU
		{A5B8155A-118F-4794-B551-C6F3CF7E5411}.Release|x86.Build.0 = Release|Any CPU
		{2EFA28D0-268D-4B8E-88AD-C3FFA06EDF36}.Ad-Hoc|Any CPU.ActiveCfg = Release|Any CPU
		{2EFA28D0-268D-4B8E-88AD-C3FFA06EDF36}.Ad-Hoc|Any CPU.Build.0 = Release|Any CPU
		{2EFA28D0-268D-4B8E-88AD-C3FFA06EDF36}.Ad-Hoc|ARM.ActiveCfg = Release|Any CPU
		{2EFA28D0-268D-4B8E-88AD-C3FFA06EDF36}.Ad-Hoc|ARM.Build.0 = Release|Any CPU
		{2EFA28D0-268D-4B8E-88AD-C3FFA06EDF36}.Ad-Hoc|ARM64.ActiveCfg = Release|Any CPU
		{2EFA28D0-268D-4B8E-88AD-C3FFA06EDF36}.Ad-Hoc|ARM64.Build.0 = Release|Any CPU
		{2EFA28D0-268D-4B8E-88AD-C3FFA06EDF36}.Ad-Hoc|iPhone.ActiveCfg = Release|Any CPU
		{2EFA28D0-268D-4B8E-88AD-C3FFA06EDF36}.Ad-Hoc|iPhone.Build.0 = Release|Any CPU
		{2EFA28D0-268D-4B8E-88AD-C3FFA06EDF36}.Ad-Hoc|iPhoneSimulator.ActiveCfg = Release|Any CPU
		{2EFA28D0-268D-4B8E-88AD-C3FFA06EDF36}.Ad-Hoc|iPhoneSimulator.Build.0 = Release|Any CPU
		{2EFA28D0-268D-4B8E-88AD-C3FFA06EDF36}.Ad-Hoc|x64.ActiveCfg = Release|Any CPU
		{2EFA28D0-268D-4B8E-88AD-C3FFA06EDF36}.Ad-Hoc|x64.Build.0 = Release|Any CPU
		{2EFA28D0-268D-4B8E-88AD-C3FFA06EDF36}.Ad-Hoc|x86.ActiveCfg = Release|Any CPU
		{2EFA28D0-268D-4B8E-88AD-C3FFA06EDF36}.Ad-Hoc|x86.Build.0 = Release|Any CPU
		{2EFA28D0-268D-4B8E-88AD-C3FFA06EDF36}.AppStore|Any CPU.ActiveCfg = Release|Any CPU
		{2EFA28D0-268D-4B8E-88AD-C3FFA06EDF36}.AppStore|Any CPU.Build.0 = Release|Any CPU
		{2EFA28D0-268D-4B8E-88AD-C3FFA06EDF36}.AppStore|ARM.ActiveCfg = Release|Any CPU
		{2EFA28D0-268D-4B8E-88AD-C3FFA06EDF36}.AppStore|ARM.Build.0 = Release|Any CPU
		{2EFA28D0-268D-4B8E-88AD-C3FFA06EDF36}.AppStore|ARM64.ActiveCfg = Release|Any CPU
		{2EFA28D0-268D-4B8E-88AD-C3FFA06EDF36}.AppStore|ARM64.Build.0 = Release|Any CPU
		{2EFA28D0-268D-4B8E-88AD-C3FFA06EDF36}.AppStore|iPhone.ActiveCfg = Release|Any CPU
		{2EFA28D0-268D-4B8E-88AD-C3FFA06EDF36}.AppStore|iPhone.Build.0 = Release|Any CPU
		{2EFA28D0-268D-4B8E-88AD-C3FFA06EDF36}.AppStore|iPhoneSimulator.ActiveCfg = Release|Any CPU
		{2EFA28D0-268D-4B8E-88AD-C3FFA06EDF36}.AppStore|iPhoneSimulator.Build.0 = Release|Any CPU
		{2EFA28D0-268D-4B8E-88AD-C3FFA06EDF36}.AppStore|x64.ActiveCfg = Release|Any CPU
		{2EFA28D0-268D-4B8E-88AD-C3FFA06EDF36}.AppStore|x64.Build.0 = Release|Any CPU
		{2EFA28D0-268D-4B8E-88AD-C3FFA06EDF36}.AppStore|x86.ActiveCfg = Release|Any CPU
		{2EFA28D0-268D-4B8E-88AD-C3FFA06EDF36}.AppStore|x86.Build.0 = Release|Any CPU
		{2EFA28D0-268D-4B8E-88AD-C3FFA06EDF36}.Debug|Any CPU.ActiveCfg = Debug|Any CPU
		{2EFA28D0-268D-4B8E-88AD-C3FFA06EDF36}.Debug|Any CPU.Build.0 = Debug|Any CPU
		{2EFA28D0-268D-4B8E-88AD-C3FFA06EDF36}.Debug|Any CPU.Deploy.0 = Debug|Any CPU
		{2EFA28D0-268D-4B8E-88AD-C3FFA06EDF36}.Debug|ARM.ActiveCfg = Debug|Any CPU
		{2EFA28D0-268D-4B8E-88AD-C3FFA06EDF36}.Debug|ARM.Build.0 = Debug|Any CPU
		{2EFA28D0-268D-4B8E-88AD-C3FFA06EDF36}.Debug|ARM.Deploy.0 = Debug|Any CPU
		{2EFA28D0-268D-4B8E-88AD-C3FFA06EDF36}.Debug|ARM64.ActiveCfg = Debug|Any CPU
		{2EFA28D0-268D-4B8E-88AD-C3FFA06EDF36}.Debug|ARM64.Build.0 = Debug|Any CPU
		{2EFA28D0-268D-4B8E-88AD-C3FFA06EDF36}.Debug|ARM64.Deploy.0 = Debug|Any CPU
		{2EFA28D0-268D-4B8E-88AD-C3FFA06EDF36}.Debug|iPhone.ActiveCfg = Debug|Any CPU
		{2EFA28D0-268D-4B8E-88AD-C3FFA06EDF36}.Debug|iPhone.Build.0 = Debug|Any CPU
		{2EFA28D0-268D-4B8E-88AD-C3FFA06EDF36}.Debug|iPhone.Deploy.0 = Debug|Any CPU
		{2EFA28D0-268D-4B8E-88AD-C3FFA06EDF36}.Debug|iPhoneSimulator.ActiveCfg = Debug|Any CPU
		{2EFA28D0-268D-4B8E-88AD-C3FFA06EDF36}.Debug|iPhoneSimulator.Build.0 = Debug|Any CPU
		{2EFA28D0-268D-4B8E-88AD-C3FFA06EDF36}.Debug|iPhoneSimulator.Deploy.0 = Debug|Any CPU
		{2EFA28D0-268D-4B8E-88AD-C3FFA06EDF36}.Debug|x64.ActiveCfg = Debug|Any CPU
		{2EFA28D0-268D-4B8E-88AD-C3FFA06EDF36}.Debug|x64.Build.0 = Debug|Any CPU
		{2EFA28D0-268D-4B8E-88AD-C3FFA06EDF36}.Debug|x64.Deploy.0 = Debug|Any CPU
		{2EFA28D0-268D-4B8E-88AD-C3FFA06EDF36}.Debug|x86.ActiveCfg = Debug|Any CPU
		{2EFA28D0-268D-4B8E-88AD-C3FFA06EDF36}.Debug|x86.Build.0 = Debug|Any CPU
		{2EFA28D0-268D-4B8E-88AD-C3FFA06EDF36}.Debug|x86.Deploy.0 = Debug|Any CPU
		{2EFA28D0-268D-4B8E-88AD-C3FFA06EDF36}.Release|Any CPU.ActiveCfg = Release|Any CPU
		{2EFA28D0-268D-4B8E-88AD-C3FFA06EDF36}.Release|Any CPU.Build.0 = Release|Any CPU
		{2EFA28D0-268D-4B8E-88AD-C3FFA06EDF36}.Release|ARM.ActiveCfg = Release|Any CPU
		{2EFA28D0-268D-4B8E-88AD-C3FFA06EDF36}.Release|ARM.Build.0 = Release|Any CPU
		{2EFA28D0-268D-4B8E-88AD-C3FFA06EDF36}.Release|ARM.Deploy.0 = Release|Any CPU
		{2EFA28D0-268D-4B8E-88AD-C3FFA06EDF36}.Release|ARM64.ActiveCfg = Release|Any CPU
		{2EFA28D0-268D-4B8E-88AD-C3FFA06EDF36}.Release|ARM64.Build.0 = Release|Any CPU
		{2EFA28D0-268D-4B8E-88AD-C3FFA06EDF36}.Release|ARM64.Deploy.0 = Release|Any CPU
		{2EFA28D0-268D-4B8E-88AD-C3FFA06EDF36}.Release|iPhone.ActiveCfg = Release|Any CPU
		{2EFA28D0-268D-4B8E-88AD-C3FFA06EDF36}.Release|iPhone.Build.0 = Release|Any CPU
		{2EFA28D0-268D-4B8E-88AD-C3FFA06EDF36}.Release|iPhoneSimulator.ActiveCfg = Release|Any CPU
		{2EFA28D0-268D-4B8E-88AD-C3FFA06EDF36}.Release|iPhoneSimulator.Build.0 = Release|Any CPU
		{2EFA28D0-268D-4B8E-88AD-C3FFA06EDF36}.Release|iPhoneSimulator.Deploy.0 = Release|Any CPU
		{2EFA28D0-268D-4B8E-88AD-C3FFA06EDF36}.Release|x64.ActiveCfg = Release|Any CPU
		{2EFA28D0-268D-4B8E-88AD-C3FFA06EDF36}.Release|x64.Build.0 = Release|Any CPU
		{2EFA28D0-268D-4B8E-88AD-C3FFA06EDF36}.Release|x64.Deploy.0 = Release|Any CPU
		{2EFA28D0-268D-4B8E-88AD-C3FFA06EDF36}.Release|x86.ActiveCfg = Release|Any CPU
		{2EFA28D0-268D-4B8E-88AD-C3FFA06EDF36}.Release|x86.Build.0 = Release|Any CPU
		{2EFA28D0-268D-4B8E-88AD-C3FFA06EDF36}.Release|x86.Deploy.0 = Release|Any CPU
		{6CF284A4-22B1-4F05-97F4-F095C07A598E}.Ad-Hoc|Any CPU.ActiveCfg = Release|Any CPU
		{6CF284A4-22B1-4F05-97F4-F095C07A598E}.Ad-Hoc|Any CPU.Build.0 = Release|Any CPU
		{6CF284A4-22B1-4F05-97F4-F095C07A598E}.Ad-Hoc|ARM.ActiveCfg = Release|Any CPU
		{6CF284A4-22B1-4F05-97F4-F095C07A598E}.Ad-Hoc|ARM.Build.0 = Release|Any CPU
		{6CF284A4-22B1-4F05-97F4-F095C07A598E}.Ad-Hoc|ARM64.ActiveCfg = Release|Any CPU
		{6CF284A4-22B1-4F05-97F4-F095C07A598E}.Ad-Hoc|ARM64.Build.0 = Release|Any CPU
		{6CF284A4-22B1-4F05-97F4-F095C07A598E}.Ad-Hoc|iPhone.ActiveCfg = Release|Any CPU
		{6CF284A4-22B1-4F05-97F4-F095C07A598E}.Ad-Hoc|iPhone.Build.0 = Release|Any CPU
		{6CF284A4-22B1-4F05-97F4-F095C07A598E}.Ad-Hoc|iPhoneSimulator.ActiveCfg = Release|Any CPU
		{6CF284A4-22B1-4F05-97F4-F095C07A598E}.Ad-Hoc|iPhoneSimulator.Build.0 = Release|Any CPU
		{6CF284A4-22B1-4F05-97F4-F095C07A598E}.Ad-Hoc|x64.ActiveCfg = Release|Any CPU
		{6CF284A4-22B1-4F05-97F4-F095C07A598E}.Ad-Hoc|x64.Build.0 = Release|Any CPU
		{6CF284A4-22B1-4F05-97F4-F095C07A598E}.Ad-Hoc|x86.ActiveCfg = Release|Any CPU
		{6CF284A4-22B1-4F05-97F4-F095C07A598E}.Ad-Hoc|x86.Build.0 = Release|Any CPU
		{6CF284A4-22B1-4F05-97F4-F095C07A598E}.AppStore|Any CPU.ActiveCfg = Release|Any CPU
		{6CF284A4-22B1-4F05-97F4-F095C07A598E}.AppStore|Any CPU.Build.0 = Release|Any CPU
		{6CF284A4-22B1-4F05-97F4-F095C07A598E}.AppStore|ARM.ActiveCfg = Release|Any CPU
		{6CF284A4-22B1-4F05-97F4-F095C07A598E}.AppStore|ARM.Build.0 = Release|Any CPU
		{6CF284A4-22B1-4F05-97F4-F095C07A598E}.AppStore|ARM64.ActiveCfg = Release|Any CPU
		{6CF284A4-22B1-4F05-97F4-F095C07A598E}.AppStore|ARM64.Build.0 = Release|Any CPU
		{6CF284A4-22B1-4F05-97F4-F095C07A598E}.AppStore|iPhone.ActiveCfg = Release|Any CPU
		{6CF284A4-22B1-4F05-97F4-F095C07A598E}.AppStore|iPhone.Build.0 = Release|Any CPU
		{6CF284A4-22B1-4F05-97F4-F095C07A598E}.AppStore|iPhoneSimulator.ActiveCfg = Release|Any CPU
		{6CF284A4-22B1-4F05-97F4-F095C07A598E}.AppStore|iPhoneSimulator.Build.0 = Release|Any CPU
		{6CF284A4-22B1-4F05-97F4-F095C07A598E}.AppStore|x64.ActiveCfg = Release|Any CPU
		{6CF284A4-22B1-4F05-97F4-F095C07A598E}.AppStore|x64.Build.0 = Release|Any CPU
		{6CF284A4-22B1-4F05-97F4-F095C07A598E}.AppStore|x86.ActiveCfg = Release|Any CPU
		{6CF284A4-22B1-4F05-97F4-F095C07A598E}.AppStore|x86.Build.0 = Release|Any CPU
		{6CF284A4-22B1-4F05-97F4-F095C07A598E}.Debug|Any CPU.ActiveCfg = Debug|Any CPU
		{6CF284A4-22B1-4F05-97F4-F095C07A598E}.Debug|Any CPU.Build.0 = Debug|Any CPU
		{6CF284A4-22B1-4F05-97F4-F095C07A598E}.Debug|ARM.ActiveCfg = Debug|Any CPU
		{6CF284A4-22B1-4F05-97F4-F095C07A598E}.Debug|ARM.Build.0 = Debug|Any CPU
		{6CF284A4-22B1-4F05-97F4-F095C07A598E}.Debug|ARM64.ActiveCfg = Debug|Any CPU
		{6CF284A4-22B1-4F05-97F4-F095C07A598E}.Debug|ARM64.Build.0 = Debug|Any CPU
		{6CF284A4-22B1-4F05-97F4-F095C07A598E}.Debug|iPhone.ActiveCfg = Debug|Any CPU
		{6CF284A4-22B1-4F05-97F4-F095C07A598E}.Debug|iPhone.Build.0 = Debug|Any CPU
		{6CF284A4-22B1-4F05-97F4-F095C07A598E}.Debug|iPhoneSimulator.ActiveCfg = Debug|Any CPU
		{6CF284A4-22B1-4F05-97F4-F095C07A598E}.Debug|iPhoneSimulator.Build.0 = Debug|Any CPU
		{6CF284A4-22B1-4F05-97F4-F095C07A598E}.Debug|x64.ActiveCfg = Debug|Any CPU
		{6CF284A4-22B1-4F05-97F4-F095C07A598E}.Debug|x64.Build.0 = Debug|Any CPU
		{6CF284A4-22B1-4F05-97F4-F095C07A598E}.Debug|x86.ActiveCfg = Debug|Any CPU
		{6CF284A4-22B1-4F05-97F4-F095C07A598E}.Debug|x86.Build.0 = Debug|Any CPU
		{6CF284A4-22B1-4F05-97F4-F095C07A598E}.Release|Any CPU.ActiveCfg = Release|Any CPU
		{6CF284A4-22B1-4F05-97F4-F095C07A598E}.Release|Any CPU.Build.0 = Release|Any CPU
		{6CF284A4-22B1-4F05-97F4-F095C07A598E}.Release|ARM.ActiveCfg = Release|Any CPU
		{6CF284A4-22B1-4F05-97F4-F095C07A598E}.Release|ARM.Build.0 = Release|Any CPU
		{6CF284A4-22B1-4F05-97F4-F095C07A598E}.Release|ARM64.ActiveCfg = Release|Any CPU
		{6CF284A4-22B1-4F05-97F4-F095C07A598E}.Release|ARM64.Build.0 = Release|Any CPU
		{6CF284A4-22B1-4F05-97F4-F095C07A598E}.Release|iPhone.ActiveCfg = Release|Any CPU
		{6CF284A4-22B1-4F05-97F4-F095C07A598E}.Release|iPhone.Build.0 = Release|Any CPU
		{6CF284A4-22B1-4F05-97F4-F095C07A598E}.Release|iPhoneSimulator.ActiveCfg = Release|Any CPU
		{6CF284A4-22B1-4F05-97F4-F095C07A598E}.Release|iPhoneSimulator.Build.0 = Release|Any CPU
		{6CF284A4-22B1-4F05-97F4-F095C07A598E}.Release|x64.ActiveCfg = Release|Any CPU
		{6CF284A4-22B1-4F05-97F4-F095C07A598E}.Release|x64.Build.0 = Release|Any CPU
		{6CF284A4-22B1-4F05-97F4-F095C07A598E}.Release|x86.ActiveCfg = Release|Any CPU
		{6CF284A4-22B1-4F05-97F4-F095C07A598E}.Release|x86.Build.0 = Release|Any CPU
		{9AED22A6-77DC-4799-BAE7-5F26F2070BD2}.Ad-Hoc|Any CPU.ActiveCfg = Release|Any CPU
		{9AED22A6-77DC-4799-BAE7-5F26F2070BD2}.Ad-Hoc|Any CPU.Build.0 = Release|Any CPU
		{9AED22A6-77DC-4799-BAE7-5F26F2070BD2}.Ad-Hoc|ARM.ActiveCfg = Release|Any CPU
		{9AED22A6-77DC-4799-BAE7-5F26F2070BD2}.Ad-Hoc|ARM.Build.0 = Release|Any CPU
		{9AED22A6-77DC-4799-BAE7-5F26F2070BD2}.Ad-Hoc|ARM64.ActiveCfg = Release|Any CPU
		{9AED22A6-77DC-4799-BAE7-5F26F2070BD2}.Ad-Hoc|ARM64.Build.0 = Release|Any CPU
		{9AED22A6-77DC-4799-BAE7-5F26F2070BD2}.Ad-Hoc|iPhone.ActiveCfg = Release|Any CPU
		{9AED22A6-77DC-4799-BAE7-5F26F2070BD2}.Ad-Hoc|iPhone.Build.0 = Release|Any CPU
		{9AED22A6-77DC-4799-BAE7-5F26F2070BD2}.Ad-Hoc|iPhoneSimulator.ActiveCfg = Release|Any CPU
		{9AED22A6-77DC-4799-BAE7-5F26F2070BD2}.Ad-Hoc|iPhoneSimulator.Build.0 = Release|Any CPU
		{9AED22A6-77DC-4799-BAE7-5F26F2070BD2}.Ad-Hoc|x64.ActiveCfg = Release|Any CPU
		{9AED22A6-77DC-4799-BAE7-5F26F2070BD2}.Ad-Hoc|x64.Build.0 = Release|Any CPU
		{9AED22A6-77DC-4799-BAE7-5F26F2070BD2}.Ad-Hoc|x86.ActiveCfg = Release|Any CPU
		{9AED22A6-77DC-4799-BAE7-5F26F2070BD2}.Ad-Hoc|x86.Build.0 = Release|Any CPU
		{9AED22A6-77DC-4799-BAE7-5F26F2070BD2}.AppStore|Any CPU.ActiveCfg = Release|Any CPU
		{9AED22A6-77DC-4799-BAE7-5F26F2070BD2}.AppStore|Any CPU.Build.0 = Release|Any CPU
		{9AED22A6-77DC-4799-BAE7-5F26F2070BD2}.AppStore|ARM.ActiveCfg = Release|Any CPU
		{9AED22A6-77DC-4799-BAE7-5F26F2070BD2}.AppStore|ARM.Build.0 = Release|Any CPU
		{9AED22A6-77DC-4799-BAE7-5F26F2070BD2}.AppStore|ARM64.ActiveCfg = Release|Any CPU
		{9AED22A6-77DC-4799-BAE7-5F26F2070BD2}.AppStore|ARM64.Build.0 = Release|Any CPU
		{9AED22A6-77DC-4799-BAE7-5F26F2070BD2}.AppStore|iPhone.ActiveCfg = Release|Any CPU
		{9AED22A6-77DC-4799-BAE7-5F26F2070BD2}.AppStore|iPhone.Build.0 = Release|Any CPU
		{9AED22A6-77DC-4799-BAE7-5F26F2070BD2}.AppStore|iPhoneSimulator.ActiveCfg = Release|Any CPU
		{9AED22A6-77DC-4799-BAE7-5F26F2070BD2}.AppStore|iPhoneSimulator.Build.0 = Release|Any CPU
		{9AED22A6-77DC-4799-BAE7-5F26F2070BD2}.AppStore|x64.ActiveCfg = Release|Any CPU
		{9AED22A6-77DC-4799-BAE7-5F26F2070BD2}.AppStore|x64.Build.0 = Release|Any CPU
		{9AED22A6-77DC-4799-BAE7-5F26F2070BD2}.AppStore|x86.ActiveCfg = Release|Any CPU
		{9AED22A6-77DC-4799-BAE7-5F26F2070BD2}.AppStore|x86.Build.0 = Release|Any CPU
		{9AED22A6-77DC-4799-BAE7-5F26F2070BD2}.Debug|Any CPU.ActiveCfg = Debug|Any CPU
		{9AED22A6-77DC-4799-BAE7-5F26F2070BD2}.Debug|Any CPU.Build.0 = Debug|Any CPU
		{9AED22A6-77DC-4799-BAE7-5F26F2070BD2}.Debug|ARM.ActiveCfg = Debug|Any CPU
		{9AED22A6-77DC-4799-BAE7-5F26F2070BD2}.Debug|ARM.Build.0 = Debug|Any CPU
		{9AED22A6-77DC-4799-BAE7-5F26F2070BD2}.Debug|ARM64.ActiveCfg = Debug|Any CPU
		{9AED22A6-77DC-4799-BAE7-5F26F2070BD2}.Debug|ARM64.Build.0 = Debug|Any CPU
		{9AED22A6-77DC-4799-BAE7-5F26F2070BD2}.Debug|iPhone.ActiveCfg = Debug|Any CPU
		{9AED22A6-77DC-4799-BAE7-5F26F2070BD2}.Debug|iPhone.Build.0 = Debug|Any CPU
		{9AED22A6-77DC-4799-BAE7-5F26F2070BD2}.Debug|iPhoneSimulator.ActiveCfg = Debug|Any CPU
		{9AED22A6-77DC-4799-BAE7-5F26F2070BD2}.Debug|iPhoneSimulator.Build.0 = Debug|Any CPU
		{9AED22A6-77DC-4799-BAE7-5F26F2070BD2}.Debug|x64.ActiveCfg = Debug|Any CPU
		{9AED22A6-77DC-4799-BAE7-5F26F2070BD2}.Debug|x64.Build.0 = Debug|Any CPU
		{9AED22A6-77DC-4799-BAE7-5F26F2070BD2}.Debug|x86.ActiveCfg = Debug|Any CPU
		{9AED22A6-77DC-4799-BAE7-5F26F2070BD2}.Debug|x86.Build.0 = Debug|Any CPU
		{9AED22A6-77DC-4799-BAE7-5F26F2070BD2}.Release|Any CPU.ActiveCfg = Release|Any CPU
		{9AED22A6-77DC-4799-BAE7-5F26F2070BD2}.Release|Any CPU.Build.0 = Release|Any CPU
		{9AED22A6-77DC-4799-BAE7-5F26F2070BD2}.Release|ARM.ActiveCfg = Release|Any CPU
		{9AED22A6-77DC-4799-BAE7-5F26F2070BD2}.Release|ARM.Build.0 = Release|Any CPU
		{9AED22A6-77DC-4799-BAE7-5F26F2070BD2}.Release|ARM64.ActiveCfg = Release|Any CPU
		{9AED22A6-77DC-4799-BAE7-5F26F2070BD2}.Release|ARM64.Build.0 = Release|Any CPU
		{9AED22A6-77DC-4799-BAE7-5F26F2070BD2}.Release|iPhone.ActiveCfg = Release|Any CPU
		{9AED22A6-77DC-4799-BAE7-5F26F2070BD2}.Release|iPhone.Build.0 = Release|Any CPU
		{9AED22A6-77DC-4799-BAE7-5F26F2070BD2}.Release|iPhoneSimulator.ActiveCfg = Release|Any CPU
		{9AED22A6-77DC-4799-BAE7-5F26F2070BD2}.Release|iPhoneSimulator.Build.0 = Release|Any CPU
		{9AED22A6-77DC-4799-BAE7-5F26F2070BD2}.Release|x64.ActiveCfg = Release|Any CPU
		{9AED22A6-77DC-4799-BAE7-5F26F2070BD2}.Release|x64.Build.0 = Release|Any CPU
		{9AED22A6-77DC-4799-BAE7-5F26F2070BD2}.Release|x86.ActiveCfg = Release|Any CPU
		{9AED22A6-77DC-4799-BAE7-5F26F2070BD2}.Release|x86.Build.0 = Release|Any CPU
		{761D821E-9905-4444-9ADF-76C995FE5427}.Ad-Hoc|Any CPU.ActiveCfg = Release|Any CPU
		{761D821E-9905-4444-9ADF-76C995FE5427}.Ad-Hoc|Any CPU.Build.0 = Release|Any CPU
		{761D821E-9905-4444-9ADF-76C995FE5427}.Ad-Hoc|ARM.ActiveCfg = Release|Any CPU
		{761D821E-9905-4444-9ADF-76C995FE5427}.Ad-Hoc|ARM.Build.0 = Release|Any CPU
		{761D821E-9905-4444-9ADF-76C995FE5427}.Ad-Hoc|ARM64.ActiveCfg = Release|Any CPU
		{761D821E-9905-4444-9ADF-76C995FE5427}.Ad-Hoc|ARM64.Build.0 = Release|Any CPU
		{761D821E-9905-4444-9ADF-76C995FE5427}.Ad-Hoc|iPhone.ActiveCfg = Release|Any CPU
		{761D821E-9905-4444-9ADF-76C995FE5427}.Ad-Hoc|iPhone.Build.0 = Release|Any CPU
		{761D821E-9905-4444-9ADF-76C995FE5427}.Ad-Hoc|iPhoneSimulator.ActiveCfg = Release|Any CPU
		{761D821E-9905-4444-9ADF-76C995FE5427}.Ad-Hoc|iPhoneSimulator.Build.0 = Release|Any CPU
		{761D821E-9905-4444-9ADF-76C995FE5427}.Ad-Hoc|x64.ActiveCfg = Release|Any CPU
		{761D821E-9905-4444-9ADF-76C995FE5427}.Ad-Hoc|x64.Build.0 = Release|Any CPU
		{761D821E-9905-4444-9ADF-76C995FE5427}.Ad-Hoc|x86.ActiveCfg = Release|Any CPU
		{761D821E-9905-4444-9ADF-76C995FE5427}.Ad-Hoc|x86.Build.0 = Release|Any CPU
		{761D821E-9905-4444-9ADF-76C995FE5427}.AppStore|Any CPU.ActiveCfg = Release|Any CPU
		{761D821E-9905-4444-9ADF-76C995FE5427}.AppStore|Any CPU.Build.0 = Release|Any CPU
		{761D821E-9905-4444-9ADF-76C995FE5427}.AppStore|ARM.ActiveCfg = Release|Any CPU
		{761D821E-9905-4444-9ADF-76C995FE5427}.AppStore|ARM.Build.0 = Release|Any CPU
		{761D821E-9905-4444-9ADF-76C995FE5427}.AppStore|ARM64.ActiveCfg = Release|Any CPU
		{761D821E-9905-4444-9ADF-76C995FE5427}.AppStore|ARM64.Build.0 = Release|Any CPU
		{761D821E-9905-4444-9ADF-76C995FE5427}.AppStore|iPhone.ActiveCfg = Release|Any CPU
		{761D821E-9905-4444-9ADF-76C995FE5427}.AppStore|iPhone.Build.0 = Release|Any CPU
		{761D821E-9905-4444-9ADF-76C995FE5427}.AppStore|iPhoneSimulator.ActiveCfg = Release|Any CPU
		{761D821E-9905-4444-9ADF-76C995FE5427}.AppStore|iPhoneSimulator.Build.0 = Release|Any CPU
		{761D821E-9905-4444-9ADF-76C995FE5427}.AppStore|x64.ActiveCfg = Release|Any CPU
		{761D821E-9905-4444-9ADF-76C995FE5427}.AppStore|x64.Build.0 = Release|Any CPU
		{761D821E-9905-4444-9ADF-76C995FE5427}.AppStore|x86.ActiveCfg = Release|Any CPU
		{761D821E-9905-4444-9ADF-76C995FE5427}.AppStore|x86.Build.0 = Release|Any CPU
		{761D821E-9905-4444-9ADF-76C995FE5427}.Debug|Any CPU.ActiveCfg = Debug|Any CPU
		{761D821E-9905-4444-9ADF-76C995FE5427}.Debug|Any CPU.Build.0 = Debug|Any CPU
		{761D821E-9905-4444-9ADF-76C995FE5427}.Debug|ARM.ActiveCfg = Debug|Any CPU
		{761D821E-9905-4444-9ADF-76C995FE5427}.Debug|ARM.Build.0 = Debug|Any CPU
		{761D821E-9905-4444-9ADF-76C995FE5427}.Debug|ARM64.ActiveCfg = Debug|Any CPU
		{761D821E-9905-4444-9ADF-76C995FE5427}.Debug|ARM64.Build.0 = Debug|Any CPU
		{761D821E-9905-4444-9ADF-76C995FE5427}.Debug|iPhone.ActiveCfg = Debug|Any CPU
		{761D821E-9905-4444-9ADF-76C995FE5427}.Debug|iPhone.Build.0 = Debug|Any CPU
		{761D821E-9905-4444-9ADF-76C995FE5427}.Debug|iPhoneSimulator.ActiveCfg = Debug|Any CPU
		{761D821E-9905-4444-9ADF-76C995FE5427}.Debug|iPhoneSimulator.Build.0 = Debug|Any CPU
		{761D821E-9905-4444-9ADF-76C995FE5427}.Debug|x64.ActiveCfg = Debug|Any CPU
		{761D821E-9905-4444-9ADF-76C995FE5427}.Debug|x64.Build.0 = Debug|Any CPU
		{761D821E-9905-4444-9ADF-76C995FE5427}.Debug|x86.ActiveCfg = Debug|Any CPU
		{761D821E-9905-4444-9ADF-76C995FE5427}.Debug|x86.Build.0 = Debug|Any CPU
		{761D821E-9905-4444-9ADF-76C995FE5427}.Release|Any CPU.ActiveCfg = Release|Any CPU
		{761D821E-9905-4444-9ADF-76C995FE5427}.Release|Any CPU.Build.0 = Release|Any CPU
		{761D821E-9905-4444-9ADF-76C995FE5427}.Release|ARM.ActiveCfg = Release|Any CPU
		{761D821E-9905-4444-9ADF-76C995FE5427}.Release|ARM.Build.0 = Release|Any CPU
		{761D821E-9905-4444-9ADF-76C995FE5427}.Release|ARM64.ActiveCfg = Release|Any CPU
		{761D821E-9905-4444-9ADF-76C995FE5427}.Release|ARM64.Build.0 = Release|Any CPU
		{761D821E-9905-4444-9ADF-76C995FE5427}.Release|iPhone.ActiveCfg = Release|Any CPU
		{761D821E-9905-4444-9ADF-76C995FE5427}.Release|iPhone.Build.0 = Release|Any CPU
		{761D821E-9905-4444-9ADF-76C995FE5427}.Release|iPhoneSimulator.ActiveCfg = Release|Any CPU
		{761D821E-9905-4444-9ADF-76C995FE5427}.Release|iPhoneSimulator.Build.0 = Release|Any CPU
		{761D821E-9905-4444-9ADF-76C995FE5427}.Release|x64.ActiveCfg = Release|Any CPU
		{761D821E-9905-4444-9ADF-76C995FE5427}.Release|x64.Build.0 = Release|Any CPU
		{761D821E-9905-4444-9ADF-76C995FE5427}.Release|x86.ActiveCfg = Release|Any CPU
		{761D821E-9905-4444-9ADF-76C995FE5427}.Release|x86.Build.0 = Release|Any CPU
		{25544FCA-E80E-4641-B115-70AE53534A71}.Ad-Hoc|Any CPU.ActiveCfg = Release|Any CPU
		{25544FCA-E80E-4641-B115-70AE53534A71}.Ad-Hoc|Any CPU.Build.0 = Release|Any CPU
		{25544FCA-E80E-4641-B115-70AE53534A71}.Ad-Hoc|ARM.ActiveCfg = Release|Any CPU
		{25544FCA-E80E-4641-B115-70AE53534A71}.Ad-Hoc|ARM.Build.0 = Release|Any CPU
		{25544FCA-E80E-4641-B115-70AE53534A71}.Ad-Hoc|ARM64.ActiveCfg = Release|Any CPU
		{25544FCA-E80E-4641-B115-70AE53534A71}.Ad-Hoc|ARM64.Build.0 = Release|Any CPU
		{25544FCA-E80E-4641-B115-70AE53534A71}.Ad-Hoc|iPhone.ActiveCfg = Release|Any CPU
		{25544FCA-E80E-4641-B115-70AE53534A71}.Ad-Hoc|iPhone.Build.0 = Release|Any CPU
		{25544FCA-E80E-4641-B115-70AE53534A71}.Ad-Hoc|iPhoneSimulator.ActiveCfg = Release|Any CPU
		{25544FCA-E80E-4641-B115-70AE53534A71}.Ad-Hoc|iPhoneSimulator.Build.0 = Release|Any CPU
		{25544FCA-E80E-4641-B115-70AE53534A71}.Ad-Hoc|x64.ActiveCfg = Release|Any CPU
		{25544FCA-E80E-4641-B115-70AE53534A71}.Ad-Hoc|x64.Build.0 = Release|Any CPU
		{25544FCA-E80E-4641-B115-70AE53534A71}.Ad-Hoc|x86.ActiveCfg = Release|Any CPU
		{25544FCA-E80E-4641-B115-70AE53534A71}.Ad-Hoc|x86.Build.0 = Release|Any CPU
		{25544FCA-E80E-4641-B115-70AE53534A71}.AppStore|Any CPU.ActiveCfg = Release|Any CPU
		{25544FCA-E80E-4641-B115-70AE53534A71}.AppStore|Any CPU.Build.0 = Release|Any CPU
		{25544FCA-E80E-4641-B115-70AE53534A71}.AppStore|ARM.ActiveCfg = Release|Any CPU
		{25544FCA-E80E-4641-B115-70AE53534A71}.AppStore|ARM.Build.0 = Release|Any CPU
		{25544FCA-E80E-4641-B115-70AE53534A71}.AppStore|ARM64.ActiveCfg = Release|Any CPU
		{25544FCA-E80E-4641-B115-70AE53534A71}.AppStore|ARM64.Build.0 = Release|Any CPU
		{25544FCA-E80E-4641-B115-70AE53534A71}.AppStore|iPhone.ActiveCfg = Release|Any CPU
		{25544FCA-E80E-4641-B115-70AE53534A71}.AppStore|iPhone.Build.0 = Release|Any CPU
		{25544FCA-E80E-4641-B115-70AE53534A71}.AppStore|iPhoneSimulator.ActiveCfg = Release|Any CPU
		{25544FCA-E80E-4641-B115-70AE53534A71}.AppStore|iPhoneSimulator.Build.0 = Release|Any CPU
		{25544FCA-E80E-4641-B115-70AE53534A71}.AppStore|x64.ActiveCfg = Release|Any CPU
		{25544FCA-E80E-4641-B115-70AE53534A71}.AppStore|x64.Build.0 = Release|Any CPU
		{25544FCA-E80E-4641-B115-70AE53534A71}.AppStore|x86.ActiveCfg = Release|Any CPU
		{25544FCA-E80E-4641-B115-70AE53534A71}.AppStore|x86.Build.0 = Release|Any CPU
		{25544FCA-E80E-4641-B115-70AE53534A71}.Debug|Any CPU.ActiveCfg = Debug|Any CPU
		{25544FCA-E80E-4641-B115-70AE53534A71}.Debug|Any CPU.Build.0 = Debug|Any CPU
		{25544FCA-E80E-4641-B115-70AE53534A71}.Debug|ARM.ActiveCfg = Debug|Any CPU
		{25544FCA-E80E-4641-B115-70AE53534A71}.Debug|ARM.Build.0 = Debug|Any CPU
		{25544FCA-E80E-4641-B115-70AE53534A71}.Debug|ARM64.ActiveCfg = Debug|Any CPU
		{25544FCA-E80E-4641-B115-70AE53534A71}.Debug|ARM64.Build.0 = Debug|Any CPU
		{25544FCA-E80E-4641-B115-70AE53534A71}.Debug|iPhone.ActiveCfg = Debug|Any CPU
		{25544FCA-E80E-4641-B115-70AE53534A71}.Debug|iPhone.Build.0 = Debug|Any CPU
		{25544FCA-E80E-4641-B115-70AE53534A71}.Debug|iPhoneSimulator.ActiveCfg = Debug|Any CPU
		{25544FCA-E80E-4641-B115-70AE53534A71}.Debug|iPhoneSimulator.Build.0 = Debug|Any CPU
		{25544FCA-E80E-4641-B115-70AE53534A71}.Debug|x64.ActiveCfg = Debug|Any CPU
		{25544FCA-E80E-4641-B115-70AE53534A71}.Debug|x64.Build.0 = Debug|Any CPU
		{25544FCA-E80E-4641-B115-70AE53534A71}.Debug|x86.ActiveCfg = Debug|Any CPU
		{25544FCA-E80E-4641-B115-70AE53534A71}.Debug|x86.Build.0 = Debug|Any CPU
		{25544FCA-E80E-4641-B115-70AE53534A71}.Release|Any CPU.ActiveCfg = Release|Any CPU
		{25544FCA-E80E-4641-B115-70AE53534A71}.Release|Any CPU.Build.0 = Release|Any CPU
		{25544FCA-E80E-4641-B115-70AE53534A71}.Release|ARM.ActiveCfg = Release|Any CPU
		{25544FCA-E80E-4641-B115-70AE53534A71}.Release|ARM.Build.0 = Release|Any CPU
		{25544FCA-E80E-4641-B115-70AE53534A71}.Release|ARM64.ActiveCfg = Release|Any CPU
		{25544FCA-E80E-4641-B115-70AE53534A71}.Release|ARM64.Build.0 = Release|Any CPU
		{25544FCA-E80E-4641-B115-70AE53534A71}.Release|iPhone.ActiveCfg = Release|Any CPU
		{25544FCA-E80E-4641-B115-70AE53534A71}.Release|iPhone.Build.0 = Release|Any CPU
		{25544FCA-E80E-4641-B115-70AE53534A71}.Release|iPhoneSimulator.ActiveCfg = Release|Any CPU
		{25544FCA-E80E-4641-B115-70AE53534A71}.Release|iPhoneSimulator.Build.0 = Release|Any CPU
		{25544FCA-E80E-4641-B115-70AE53534A71}.Release|x64.ActiveCfg = Release|Any CPU
		{25544FCA-E80E-4641-B115-70AE53534A71}.Release|x64.Build.0 = Release|Any CPU
		{25544FCA-E80E-4641-B115-70AE53534A71}.Release|x86.ActiveCfg = Release|Any CPU
		{25544FCA-E80E-4641-B115-70AE53534A71}.Release|x86.Build.0 = Release|Any CPU
	EndGlobalSection
	GlobalSection(SolutionProperties) = preSolution
		HideSolutionNode = FALSE
	EndGlobalSection
	GlobalSection(NestedProjects) = preSolution
		{6279C845-92F8-4333-AB99-3D213163593C} = {00395A7F-CC5C-4D5B-BA0B-0B09F6CFA192}
		{89731240-B9BB-4730-9AAD-9D6B47B7779D} = {00395A7F-CC5C-4D5B-BA0B-0B09F6CFA192}
		{227661A2-43DE-443F-80A7-8955A70AE6DC} = {00395A7F-CC5C-4D5B-BA0B-0B09F6CFA192}
		{C3BD6A84-D68E-49E6-B75E-02B2D08F2E50} = {00395A7F-CC5C-4D5B-BA0B-0B09F6CFA192}
		{40EA03F7-8A22-4143-B251-79BAC3EB13D2} = {00395A7F-CC5C-4D5B-BA0B-0B09F6CFA192}
		{E35A43D5-D9C1-408F-AEB3-20049DF40501} = {00395A7F-CC5C-4D5B-BA0B-0B09F6CFA192}
		{A5B8155A-118F-4794-B551-C6F3CF7E5411} = {00395A7F-CC5C-4D5B-BA0B-0B09F6CFA192}
		{2EFA28D0-268D-4B8E-88AD-C3FFA06EDF36} = {00395A7F-CC5C-4D5B-BA0B-0B09F6CFA192}
		{6CF284A4-22B1-4F05-97F4-F095C07A598E} = {00395A7F-CC5C-4D5B-BA0B-0B09F6CFA192}
		{9AED22A6-77DC-4799-BAE7-5F26F2070BD2} = {00395A7F-CC5C-4D5B-BA0B-0B09F6CFA192}
		{761D821E-9905-4444-9ADF-76C995FE5427} = {00395A7F-CC5C-4D5B-BA0B-0B09F6CFA192}
		{25544FCA-E80E-4641-B115-70AE53534A71} = {E3D1D8C4-3DF9-44E2-A02A-A0D0A9BFACB4}
	EndGlobalSection
	GlobalSection(ExtensibilityGlobals) = postSolution
		SolutionGuid = {C7433AE2-B1A0-4C1A-887E-5CAA7AAF67A6}
	EndGlobalSection
EndGlobal
