
Microsoft Visual Studio Solution File, Format Version 12.00
Project("{FAE04EC0-301F-11D3-BF4B-00C04F79EFBC}") = "DynamicQuery", "DynamicQuery.csproj", "{CDAC80B9-217D-411D-97D5-94193BF1AB70}"
EndProject
Global
	GlobalSection(SolutionConfigurationPlatforms) = preSolution
		Debug|Any CPU = Debug|Any CPU
		Release|Any CPU = Release|Any CPU
	EndGlobalSection
	GlobalSection(ProjectConfigurationPlatforms) = postSolution
		{CDAC80B9-217D-411D-97D5-94193BF1AB70}.Debug|Any CPU.ActiveCfg = Debug|Any CPU
		{CDAC80B9-217D-411D-97D5-94193BF1AB70}.Debug|Any CPU.Build.0 = Debug|Any CPU
		{CDAC80B9-217D-411D-97D5-94193BF1AB70}.Release|Any CPU.ActiveCfg = Release|Any CPU
		{CDAC80B9-217D-411D-97D5-94193BF1AB70}.Release|Any CPU.Build.0 = Release|Any CPU
	EndGlobalSection
EndGlobal
