
Microsoft Visual Studio Solution File, Format Version 12.00
Project("{FAE04EC0-301F-11D3-BF4B-00C04F79EFBC}") = "CronBackgroundWorker", "CronBackgroundWorker.csproj", "{DDB36A76-DBB7-47DC-8702-F4F36019193E}"
EndProject
Global
	GlobalSection(SolutionConfigurationPlatforms) = preSolution
		Debug|Any CPU = Debug|Any CPU
		Release|Any CPU = Release|Any CPU
	EndGlobalSection
	GlobalSection(ProjectConfigurationPlatforms) = postSolution
		{DDB36A76-DBB7-47DC-8702-F4F36019193E}.Debug|Any CPU.ActiveCfg = Debug|Any CPU
		{DDB36A76-DBB7-47DC-8702-F4F36019193E}.Debug|Any CPU.Build.0 = Debug|Any CPU
		{DDB36A76-DBB7-47DC-8702-F4F36019193E}.Release|Any CPU.ActiveCfg = Release|Any CPU
		{DDB36A76-DBB7-47DC-8702-F4F36019193E}.Release|Any CPU.Build.0 = Release|Any CPU
	EndGlobalSection
EndGlobal
