
Microsoft Visual Studio Solution File, Format Version 12.00
Project("{FAE04EC0-301F-11D3-BF4B-00C04F79EFBC}") = "CursedCSharp", "CursedCSharp.csproj", "{7945A0D2-76A7-49AB-8AA8-24D14D6139F7}"
EndProject
Global
	GlobalSection(SolutionConfigurationPlatforms) = preSolution
		Debug|Any CPU = Debug|Any CPU
		Release|Any CPU = Release|Any CPU
	EndGlobalSection
	GlobalSection(ProjectConfigurationPlatforms) = postSolution
		{7945A0D2-76A7-49AB-8AA8-24D14D6139F7}.Debug|Any CPU.ActiveCfg = Debug|Any CPU
		{7945A0D2-76A7-49AB-8AA8-24D14D6139F7}.Debug|Any CPU.Build.0 = Debug|Any CPU
		{7945A0D2-76A7-49AB-8AA8-24D14D6139F7}.Release|Any CPU.ActiveCfg = Release|Any CPU
		{7945A0D2-76A7-49AB-8AA8-24D14D6139F7}.Release|Any CPU.Build.0 = Release|Any CPU
	EndGlobalSection
EndGlobal
