
Microsoft Visual Studio Solution File, Format Version 12.00
Project("{FAE04EC0-301F-11D3-BF4B-00C04F79EFBC}") = "MultiTenantravenDB", "MultiTenantravenDB.csproj", "{608452C6-B730-4EA4-BA79-DEEF97B0C12D}"
EndProject
Global
	GlobalSection(SolutionConfigurationPlatforms) = preSolution
		Debug|Any CPU = Debug|Any CPU
		Release|Any CPU = Release|Any CPU
	EndGlobalSection
	GlobalSection(ProjectConfigurationPlatforms) = postSolution
		{608452C6-B730-4EA4-BA79-DEEF97B0C12D}.Debug|Any CPU.ActiveCfg = Debug|Any CPU
		{608452C6-B730-4EA4-BA79-DEEF97B0C12D}.Debug|Any CPU.Build.0 = Debug|Any CPU
		{608452C6-B730-4EA4-BA79-DEEF97B0C12D}.Release|Any CPU.ActiveCfg = Release|Any CPU
		{608452C6-B730-4EA4-BA79-DEEF97B0C12D}.Release|Any CPU.Build.0 = Release|Any CPU
	EndGlobalSection
EndGlobal
