
Microsoft Visual Studio Solution File, Format Version 12.00
Project("{FAE04EC0-301F-11D3-BF4B-00C04F79EFBC}") = "ArraySumPerformanceSIMD", "ArraySumPerformanceSIMD.csproj", "{A229C9E3-7B85-4C6A-93FA-D3C781DF51A9}"
EndProject
Global
	GlobalSection(SolutionConfigurationPlatforms) = preSolution
		Debug|Any CPU = Debug|Any CPU
		Release|Any CPU = Release|Any CPU
	EndGlobalSection
	GlobalSection(ProjectConfigurationPlatforms) = postSolution
		{A229C9E3-7B85-4C6A-93FA-D3C781DF51A9}.Debug|Any CPU.ActiveCfg = Debug|Any CPU
		{A229C9E3-7B85-4C6A-93FA-D3C781DF51A9}.Debug|Any CPU.Build.0 = Debug|Any CPU
		{A229C9E3-7B85-4C6A-93FA-D3C781DF51A9}.Release|Any CPU.ActiveCfg = Release|Any CPU
		{A229C9E3-7B85-4C6A-93FA-D3C781DF51A9}.Release|Any CPU.Build.0 = Release|Any CPU
	EndGlobalSection
EndGlobal
