Microsoft Visual Studio Solution File, Format Version 12.00
# Visual Studio Version 16
VisualStudioVersion = 16.0.29920.165
MinimumVisualStudioVersion = 15.0.26124.0

Project("{D954291E-2A0B-460D-934E-DC6B0785DB48}") = "UnoDirectoryBuildProps.Shared", "UnoDirectoryBuildProps.Shared\UnoDirectoryBuildProps.Shared.shproj", "{6279C845-92F8-4333-AB99-3D213163593C}"
EndProject


Project("{9A19103F-16F7-4668-BE54-9A1E7A4F7556}") = "UnoDirectoryBuildProps.Wasm", "UnoDirectoryBuildProps.Wasm\UnoDirectoryBuildProps.Wasm.csproj", "{40EA03F7-8A22-4143-B251-79BAC3EB13D2}"
EndProject

Project("{9A19103F-16F7-4668-BE54-9A1E7A4F7556}") = "UnoDirectoryBuildProps.Skia.Gtk", "UnoDirectoryBuildProps.Skia.Gtk\UnoDirectoryBuildProps.Skia.Gtk.csproj", "{A5B8155A-118F-4794-B551-C6F3CF7E5411}"
EndProject

Project("{9A19103F-16F7-4668-BE54-9A1E7A4F7556}") = "UnoDirectoryBuildProps.Skia.WPF", "UnoDirectoryBuildProps.Skia.WPF\UnoDirectoryBuildProps.Skia.WPF.csproj", "{5A1A2BE7-0013-4567-B0C5-E482B85EAC43}"
EndProject
Project("{9A19103F-16F7-4668-BE54-9A1E7A4F7556}") = "UnoDirectoryBuildProps.Skia.Wpf.Host", "UnoDirectoryBuildProps.Skia.WPF.Host\UnoDirectoryBuildProps.Skia.Wpf.Host.csproj", "{6CF284A4-22B1-4F05-97F4-F095C07A598E}"
EndProject

Project("{9A19103F-16F7-4668-BE54-9A1E7A4F7556}") = "UnoDirectoryBuildProps.Windows", "UnoDirectoryBuildProps.Windows\UnoDirectoryBuildProps.Windows.csproj", "{1AA13270-F438-4864-9435-54FD806E10EA}"
EndProject

Global
	GlobalSection(SharedMSBuildProjectFiles) = preSolution
		UnoDirectoryBuildProps.Shared\UnoDirectoryBuildProps.Shared.projitems*{1aa13270-f438-4864-9435-54fd806e10ea}*SharedItemsImports = 5
		UnoDirectoryBuildProps.Shared\UnoDirectoryBuildProps.Shared.projitems*{E94C34F9-FA28-4C72-AD66-C504717D54A0}*SharedItemsImports = 4
		UnoDirectoryBuildProps.Shared\UnoDirectoryBuildProps.Shared.projitems*{40ea03f7-8a22-4143-b251-79bac3eb13d2}*SharedItemsImports = 5
		UnoDirectoryBuildProps.Shared\UnoDirectoryBuildProps.Shared.projitems*{5A1A2BE7-0013-4567-B0C5-E482B85EAC43}*SharedItemsImports = 5
		UnoDirectoryBuildProps.Shared\UnoDirectoryBuildProps.Shared.projitems*{6279c845-92f8-4333-ab99-3d213163593c}*SharedItemsImports = 13
		UnoDirectoryBuildProps.Shared\UnoDirectoryBuildProps.Shared.projitems*{4F511E83-9480-4863-94CC-332D578C501C}*SharedItemsImports = 4
		UnoDirectoryBuildProps.Shared\UnoDirectoryBuildProps.Shared.projitems*{E7E8290B-C9DF-4876-BE9F-ADB27222D6AD}*SharedItemsImports = 4
		UnoDirectoryBuildProps.Shared\UnoDirectoryBuildProps.Shared.projitems*{a5b8155a-118f-4794-b551-c6f3cf7e5411}*SharedItemsImports = 5
		UnoDirectoryBuildProps.Shared\UnoDirectoryBuildProps.Shared.projitems*{986A947A-9E85-4D0C-BCD6-6AD15E55BC48}*SharedItemsImports = 4
	EndGlobalSection
	GlobalSection(SolutionConfigurationPlatforms) = preSolution
		Debug|Any CPU = Debug|Any CPU
		Debug|ARM = Debug|ARM
		Debug|ARM64 = Debug|ARM64
		Debug|iPhone = Debug|iPhone
		Debug|iPhoneSimulator = Debug|iPhoneSimulator
		Debug|x64 = Debug|x64
		Debug|x86 = Debug|x86
		Release|Any CPU = Release|Any CPU
		Release|ARM = Release|ARM
		Release|ARM64 = Release|ARM64
		Release|iPhone = Release|iPhone
		Release|iPhoneSimulator = Release|iPhoneSimulator
		Release|x64 = Release|x64
		Release|x86 = Release|x86
	EndGlobalSection
	GlobalSection(ProjectConfigurationPlatforms) = postSolution
		{986A947A-9E85-4D0C-BCD6-6AD15E55BC48}.Debug|Any CPU.ActiveCfg = Debug|Any CPU
		{986A947A-9E85-4D0C-BCD6-6AD15E55BC48}.Debug|Any CPU.Build.0 = Debug|Any CPU
		{986A947A-9E85-4D0C-BCD6-6AD15E55BC48}.Debug|Any CPU.Deploy.0 = Debug|Any CPU
		{986A947A-9E85-4D0C-BCD6-6AD15E55BC48}.Debug|ARM.ActiveCfg = Debug|Any CPU
		{986A947A-9E85-4D0C-BCD6-6AD15E55BC48}.Debug|ARM.Build.0 = Debug|Any CPU
		{986A947A-9E85-4D0C-BCD6-6AD15E55BC48}.Debug|ARM.Deploy.0 = Debug|Any CPU
		{986A947A-9E85-4D0C-BCD6-6AD15E55BC48}.Debug|ARM64.ActiveCfg = Debug|Any CPU
		{986A947A-9E85-4D0C-BCD6-6AD15E55BC48}.Debug|ARM64.Build.0 = Debug|Any CPU
		{986A947A-9E85-4D0C-BCD6-6AD15E55BC48}.Debug|ARM64.Deploy.0 = Debug|Any CPU
		{986A947A-9E85-4D0C-BCD6-6AD15E55BC48}.Debug|iPhone.ActiveCfg = Debug|Any CPU
		{986A947A-9E85-4D0C-BCD6-6AD15E55BC48}.Debug|iPhone.Build.0 = Debug|Any CPU
		{986A947A-9E85-4D0C-BCD6-6AD15E55BC48}.Debug|iPhone.Deploy.0 = Debug|Any CPU
		{986A947A-9E85-4D0C-BCD6-6AD15E55BC48}.Debug|iPhoneSimulator.ActiveCfg = Debug|Any CPU
		{986A947A-9E85-4D0C-BCD6-6AD15E55BC48}.Debug|iPhoneSimulator.Build.0 = Debug|Any CPU
		{986A947A-9E85-4D0C-BCD6-6AD15E55BC48}.Debug|iPhoneSimulator.Deploy.0 = Debug|Any CPU
		{986A947A-9E85-4D0C-BCD6-6AD15E55BC48}.Debug|x64.ActiveCfg = Debug|Any CPU
		{986A947A-9E85-4D0C-BCD6-6AD15E55BC48}.Debug|x64.Build.0 = Debug|Any CPU
		{986A947A-9E85-4D0C-BCD6-6AD15E55BC48}.Debug|x64.Deploy.0 = Debug|Any CPU
		{986A947A-9E85-4D0C-BCD6-6AD15E55BC48}.Debug|x86.ActiveCfg = Debug|Any CPU
		{986A947A-9E85-4D0C-BCD6-6AD15E55BC48}.Debug|x86.Build.0 = Debug|Any CPU
		{986A947A-9E85-4D0C-BCD6-6AD15E55BC48}.Debug|x86.Deploy.0 = Debug|Any CPU

		{986A947A-9E85-4D0C-BCD6-6AD15E55BC48}.Release|Any CPU.ActiveCfg = Release|Any CPU
		{986A947A-9E85-4D0C-BCD6-6AD15E55BC48}.Release|Any CPU.Build.0 = Release|Any CPU
		{986A947A-9E85-4D0C-BCD6-6AD15E55BC48}.Release|Any CPU.Deploy.0 = Release|Any CPU
		{986A947A-9E85-4D0C-BCD6-6AD15E55BC48}.Release|ARM.ActiveCfg = Release|Any CPU
		{986A947A-9E85-4D0C-BCD6-6AD15E55BC48}.Release|ARM.Build.0 = Release|Any CPU
		{986A947A-9E85-4D0C-BCD6-6AD15E55BC48}.Release|ARM.Deploy.0 = Release|Any CPU
		{986A947A-9E85-4D0C-BCD6-6AD15E55BC48}.Release|ARM64.ActiveCfg = Release|Any CPU
		{986A947A-9E85-4D0C-BCD6-6AD15E55BC48}.Release|ARM64.Build.0 = Release|Any CPU
		{986A947A-9E85-4D0C-BCD6-6AD15E55BC48}.Release|ARM64.Deploy.0 = Release|Any CPU
		{986A947A-9E85-4D0C-BCD6-6AD15E55BC48}.Release|iPhone.ActiveCfg = Release|Any CPU
		{986A947A-9E85-4D0C-BCD6-6AD15E55BC48}.Release|iPhone.Build.0 = Release|Any CPU
		{986A947A-9E85-4D0C-BCD6-6AD15E55BC48}.Release|iPhone.Deploy.0 = Release|Any CPU
		{986A947A-9E85-4D0C-BCD6-6AD15E55BC48}.Release|iPhoneSimulator.ActiveCfg = Release|Any CPU
		{986A947A-9E85-4D0C-BCD6-6AD15E55BC48}.Release|iPhoneSimulator.Build.0 = Release|Any CPU
		{986A947A-9E85-4D0C-BCD6-6AD15E55BC48}.Release|iPhoneSimulator.Deploy.0 = Release|Any CPU
		{986A947A-9E85-4D0C-BCD6-6AD15E55BC48}.Release|x64.ActiveCfg = Release|Any CPU
		{986A947A-9E85-4D0C-BCD6-6AD15E55BC48}.Release|x64.Build.0 = Release|Any CPU
		{986A947A-9E85-4D0C-BCD6-6AD15E55BC48}.Release|x64.Deploy.0 = Release|Any CPU
		{986A947A-9E85-4D0C-BCD6-6AD15E55BC48}.Release|x86.ActiveCfg = Release|Any CPU
		{986A947A-9E85-4D0C-BCD6-6AD15E55BC48}.Release|x86.Build.0 = Release|Any CPU
		{986A947A-9E85-4D0C-BCD6-6AD15E55BC48}.Release|x86.Deploy.0 = Release|Any CPU
		{E7E8290B-C9DF-4876-BE9F-ADB27222D6AD}.Debug|Any CPU.ActiveCfg = Debug|iPhone
		{E7E8290B-C9DF-4876-BE9F-ADB27222D6AD}.Debug|Any CPU.Build.0 = Debug|iPhone
		{E7E8290B-C9DF-4876-BE9F-ADB27222D6AD}.Debug|Any CPU.Deploy.0 = Debug|iPhone
		{E7E8290B-C9DF-4876-BE9F-ADB27222D6AD}.Debug|ARM.ActiveCfg = Debug|iPhone
		{E7E8290B-C9DF-4876-BE9F-ADB27222D6AD}.Debug|ARM64.ActiveCfg = Debug|iPhone
		{E7E8290B-C9DF-4876-BE9F-ADB27222D6AD}.Debug|iPhone.ActiveCfg = Debug|iPhone
		{E7E8290B-C9DF-4876-BE9F-ADB27222D6AD}.Debug|iPhone.Build.0 = Debug|iPhone
		{E7E8290B-C9DF-4876-BE9F-ADB27222D6AD}.Debug|iPhoneSimulator.ActiveCfg = Debug|iPhoneSimulator
		{E7E8290B-C9DF-4876-BE9F-ADB27222D6AD}.Debug|iPhoneSimulator.Build.0 = Debug|iPhoneSimulator
		{E7E8290B-C9DF-4876-BE9F-ADB27222D6AD}.Debug|x64.ActiveCfg = Debug|iPhone
		{E7E8290B-C9DF-4876-BE9F-ADB27222D6AD}.Debug|x64.Build.0 = Debug|iPhone
		{E7E8290B-C9DF-4876-BE9F-ADB27222D6AD}.Debug|x64.Deploy.0 = Debug|iPhone
		{E7E8290B-C9DF-4876-BE9F-ADB27222D6AD}.Debug|x86.ActiveCfg = Debug|iPhoneSimulator
		{E7E8290B-C9DF-4876-BE9F-ADB27222D6AD}.Debug|x86.Build.0 = Debug|iPhoneSimulator
		{E7E8290B-C9DF-4876-BE9F-ADB27222D6AD}.Debug|x86.Deploy.0 = Debug|iPhoneSimulator
		{E7E8290B-C9DF-4876-BE9F-ADB27222D6AD}.Release|Any CPU.ActiveCfg = Release|iPhone
		{E7E8290B-C9DF-4876-BE9F-ADB27222D6AD}.Release|ARM.ActiveCfg = Release|iPhone
		{E7E8290B-C9DF-4876-BE9F-ADB27222D6AD}.Release|ARM64.ActiveCfg = Release|iPhone
		{E7E8290B-C9DF-4876-BE9F-ADB27222D6AD}.Release|iPhone.ActiveCfg = Release|iPhone
		{E7E8290B-C9DF-4876-BE9F-ADB27222D6AD}.Release|iPhone.Build.0 = Release|iPhone
		{E7E8290B-C9DF-4876-BE9F-ADB27222D6AD}.Release|iPhoneSimulator.ActiveCfg = Release|iPhoneSimulator
		{E7E8290B-C9DF-4876-BE9F-ADB27222D6AD}.Release|iPhoneSimulator.Build.0 = Release|iPhoneSimulator
		{E7E8290B-C9DF-4876-BE9F-ADB27222D6AD}.Release|x64.ActiveCfg = Release|iPhoneSimulator
		{E7E8290B-C9DF-4876-BE9F-ADB27222D6AD}.Release|x64.Build.0 = Release|iPhoneSimulator
		{E7E8290B-C9DF-4876-BE9F-ADB27222D6AD}.Release|x64.Deploy.0 = Release|iPhoneSimulator
		{E7E8290B-C9DF-4876-BE9F-ADB27222D6AD}.Release|x86.ActiveCfg = Release|iPhoneSimulator
		{E7E8290B-C9DF-4876-BE9F-ADB27222D6AD}.Release|x86.Build.0 = Release|iPhoneSimulator

		{4F511E83-9480-4863-94CC-332D578C501C}.Debug|Any CPU.ActiveCfg = Debug|x86
		{4F511E83-9480-4863-94CC-332D578C501C}.Debug|Any CPU.Build.0 = Debug|x86
		{4F511E83-9480-4863-94CC-332D578C501C}.Debug|Any CPU.Deploy.0 = Debug|x86
		{4F511E83-9480-4863-94CC-332D578C501C}.Debug|ARM.ActiveCfg = Debug|ARM
		{4F511E83-9480-4863-94CC-332D578C501C}.Debug|ARM.Build.0 = Debug|ARM
		{4F511E83-9480-4863-94CC-332D578C501C}.Debug|ARM.Deploy.0 = Debug|ARM
		{4F511E83-9480-4863-94CC-332D578C501C}.Debug|ARM64.ActiveCfg = Debug|ARM64
		{4F511E83-9480-4863-94CC-332D578C501C}.Debug|ARM64.Build.0 = Debug|ARM64
		{4F511E83-9480-4863-94CC-332D578C501C}.Debug|ARM64.Deploy.0 = Debug|ARM64
		{4F511E83-9480-4863-94CC-332D578C501C}.Debug|iPhone.ActiveCfg = Debug|x86
		{4F511E83-9480-4863-94CC-332D578C501C}.Debug|iPhone.Build.0 = Debug|x86
		{4F511E83-9480-4863-94CC-332D578C501C}.Debug|iPhone.Deploy.0 = Debug|x86
		{4F511E83-9480-4863-94CC-332D578C501C}.Debug|iPhoneSimulator.ActiveCfg = Debug|x86
		{4F511E83-9480-4863-94CC-332D578C501C}.Debug|iPhoneSimulator.Build.0 = Debug|x86
		{4F511E83-9480-4863-94CC-332D578C501C}.Debug|iPhoneSimulator.Deploy.0 = Debug|x86
		{4F511E83-9480-4863-94CC-332D578C501C}.Debug|x64.ActiveCfg = Debug|x64
		{4F511E83-9480-4863-94CC-332D578C501C}.Debug|x64.Build.0 = Debug|x64
		{4F511E83-9480-4863-94CC-332D578C501C}.Debug|x64.Deploy.0 = Debug|x64
		{4F511E83-9480-4863-94CC-332D578C501C}.Debug|x86.ActiveCfg = Debug|x86
		{4F511E83-9480-4863-94CC-332D578C501C}.Debug|x86.Build.0 = Debug|x86
		{4F511E83-9480-4863-94CC-332D578C501C}.Debug|x86.Deploy.0 = Debug|x86
		{4F511E83-9480-4863-94CC-332D578C501C}.Release|Any CPU.ActiveCfg = Release|x86
		{4F511E83-9480-4863-94CC-332D578C501C}.Release|ARM.ActiveCfg = Release|ARM
		{4F511E83-9480-4863-94CC-332D578C501C}.Release|ARM.Build.0 = Release|ARM
		{4F511E83-9480-4863-94CC-332D578C501C}.Release|ARM.Deploy.0 = Release|ARM
		{4F511E83-9480-4863-94CC-332D578C501C}.Release|ARM64.ActiveCfg = Release|ARM64
		{4F511E83-9480-4863-94CC-332D578C501C}.Release|ARM64.Build.0 = Release|ARM64
		{4F511E83-9480-4863-94CC-332D578C501C}.Release|ARM64.Deploy.0 = Release|ARM64
		{4F511E83-9480-4863-94CC-332D578C501C}.Release|iPhone.ActiveCfg = Release|x86
		{4F511E83-9480-4863-94CC-332D578C501C}.Release|iPhone.Build.0 = Release|x86
		{4F511E83-9480-4863-94CC-332D578C501C}.Release|iPhoneSimulator.ActiveCfg = Release|x86
		{4F511E83-9480-4863-94CC-332D578C501C}.Release|iPhoneSimulator.Build.0 = Release|x86
		{4F511E83-9480-4863-94CC-332D578C501C}.Release|iPhoneSimulator.Deploy.0 = Release|x86
		{4F511E83-9480-4863-94CC-332D578C501C}.Release|x64.ActiveCfg = Release|x64
		{4F511E83-9480-4863-94CC-332D578C501C}.Release|x64.Build.0 = Release|x64
		{4F511E83-9480-4863-94CC-332D578C501C}.Release|x64.Deploy.0 = Release|x64
		{4F511E83-9480-4863-94CC-332D578C501C}.Release|x86.ActiveCfg = Release|x86
		{4F511E83-9480-4863-94CC-332D578C501C}.Release|x86.Build.0 = Release|x86
		{4F511E83-9480-4863-94CC-332D578C501C}.Release|x86.Deploy.0 = Release|x86

		{5A1A2BE7-0013-4567-B0C5-E482B85EAC43}.Debug|Any CPU.ActiveCfg = Debug|Any CPU
		{5A1A2BE7-0013-4567-B0C5-E482B85EAC43}.Debug|Any CPU.Build.0 = Debug|Any CPU
		{5A1A2BE7-0013-4567-B0C5-E482B85EAC43}.Debug|Any CPU.Deploy.0 = Debug|Any CPU
		{5A1A2BE7-0013-4567-B0C5-E482B85EAC43}.Debug|ARM.ActiveCfg = Debug|Any CPU
		{5A1A2BE7-0013-4567-B0C5-E482B85EAC43}.Debug|ARM.Build.0 = Debug|Any CPU
		{5A1A2BE7-0013-4567-B0C5-E482B85EAC43}.Debug|ARM.Deploy.0 = Debug|Any CPU
		{5A1A2BE7-0013-4567-B0C5-E482B85EAC43}.Debug|ARM64.ActiveCfg = Debug|Any CPU
		{5A1A2BE7-0013-4567-B0C5-E482B85EAC43}.Debug|ARM64.Build.0 = Debug|Any CPU
		{5A1A2BE7-0013-4567-B0C5-E482B85EAC43}.Debug|ARM64.Deploy.0 = Debug|Any CPU
		{5A1A2BE7-0013-4567-B0C5-E482B85EAC43}.Debug|iPhone.ActiveCfg = Debug|Any CPU
		{5A1A2BE7-0013-4567-B0C5-E482B85EAC43}.Debug|iPhone.Build.0 = Debug|Any CPU
		{5A1A2BE7-0013-4567-B0C5-E482B85EAC43}.Debug|iPhone.Deploy.0 = Debug|Any CPU
		{5A1A2BE7-0013-4567-B0C5-E482B85EAC43}.Debug|iPhoneSimulator.ActiveCfg = Debug|Any CPU
		{5A1A2BE7-0013-4567-B0C5-E482B85EAC43}.Debug|iPhoneSimulator.Build.0 = Debug|Any CPU
		{5A1A2BE7-0013-4567-B0C5-E482B85EAC43}.Debug|iPhoneSimulator.Deploy.0 = Debug|Any CPU
		{5A1A2BE7-0013-4567-B0C5-E482B85EAC43}.Debug|x64.ActiveCfg = Debug|Any CPU
		{5A1A2BE7-0013-4567-B0C5-E482B85EAC43}.Debug|x64.Build.0 = Debug|Any CPU
		{5A1A2BE7-0013-4567-B0C5-E482B85EAC43}.Debug|x64.Deploy.0 = Debug|Any CPU
		{5A1A2BE7-0013-4567-B0C5-E482B85EAC43}.Debug|x86.ActiveCfg = Debug|Any CPU
		{5A1A2BE7-0013-4567-B0C5-E482B85EAC43}.Debug|x86.Build.0 = Debug|Any CPU
		{5A1A2BE7-0013-4567-B0C5-E482B85EAC43}.Debug|x86.Deploy.0 = Debug|Any CPU
		{5A1A2BE7-0013-4567-B0C5-E482B85EAC43}.Release|Any CPU.ActiveCfg = Release|Any CPU
		{5A1A2BE7-0013-4567-B0C5-E482B85EAC43}.Release|Any CPU.Build.0 = Release|Any CPU
		{5A1A2BE7-0013-4567-B0C5-E482B85EAC43}.Release|ARM.ActiveCfg = Release|Any CPU
		{5A1A2BE7-0013-4567-B0C5-E482B85EAC43}.Release|ARM.Build.0 = Release|Any CPU
		{5A1A2BE7-0013-4567-B0C5-E482B85EAC43}.Release|ARM.Deploy.0 = Release|Any CPU
		{5A1A2BE7-0013-4567-B0C5-E482B85EAC43}.Release|ARM64.ActiveCfg = Release|Any CPU
		{5A1A2BE7-0013-4567-B0C5-E482B85EAC43}.Release|ARM64.Build.0 = Release|Any CPU
		{5A1A2BE7-0013-4567-B0C5-E482B85EAC43}.Release|ARM64.Deploy.0 = Release|Any CPU
		{5A1A2BE7-0013-4567-B0C5-E482B85EAC43}.Release|iPhone.ActiveCfg = Release|Any CPU
		{5A1A2BE7-0013-4567-B0C5-E482B85EAC43}.Release|iPhone.Build.0 = Release|Any CPU
		{5A1A2BE7-0013-4567-B0C5-E482B85EAC43}.Release|iPhoneSimulator.ActiveCfg = Release|Any CPU
		{5A1A2BE7-0013-4567-B0C5-E482B85EAC43}.Release|iPhoneSimulator.Build.0 = Release|Any CPU
		{5A1A2BE7-0013-4567-B0C5-E482B85EAC43}.Release|iPhoneSimulator.Deploy.0 = Release|Any CPU
		{5A1A2BE7-0013-4567-B0C5-E482B85EAC43}.Release|x64.ActiveCfg = Release|Any CPU
		{5A1A2BE7-0013-4567-B0C5-E482B85EAC43}.Release|x64.Build.0 = Release|Any CPU
		{5A1A2BE7-0013-4567-B0C5-E482B85EAC43}.Release|x64.Deploy.0 = Release|Any CPU
		{5A1A2BE7-0013-4567-B0C5-E482B85EAC43}.Release|x86.ActiveCfg = Release|Any CPU
		{5A1A2BE7-0013-4567-B0C5-E482B85EAC43}.Release|x86.Build.0 = Release|Any CPU
		{5A1A2BE7-0013-4567-B0C5-E482B85EAC43}.Release|x86.Deploy.0 = Release|Any CPU

		{A5B8155A-118F-4794-B551-C6F3CF7E5411}.Debug|Any CPU.ActiveCfg = Debug|Any CPU
		{A5B8155A-118F-4794-B551-C6F3CF7E5411}.Debug|Any CPU.Build.0 = Debug|Any CPU
		{A5B8155A-118F-4794-B551-C6F3CF7E5411}.Debug|ARM.ActiveCfg = Debug|Any CPU
		{A5B8155A-118F-4794-B551-C6F3CF7E5411}.Debug|ARM.Build.0 = Debug|Any CPU
		{A5B8155A-118F-4794-B551-C6F3CF7E5411}.Debug|ARM64.ActiveCfg = Debug|Any CPU
		{A5B8155A-118F-4794-B551-C6F3CF7E5411}.Debug|ARM64.Build.0 = Debug|Any CPU
		{A5B8155A-118F-4794-B551-C6F3CF7E5411}.Debug|iPhone.ActiveCfg = Debug|Any CPU
		{A5B8155A-118F-4794-B551-C6F3CF7E5411}.Debug|iPhone.Build.0 = Debug|Any CPU
		{A5B8155A-118F-4794-B551-C6F3CF7E5411}.Debug|iPhoneSimulator.ActiveCfg = Debug|Any CPU
		{A5B8155A-118F-4794-B551-C6F3CF7E5411}.Debug|iPhoneSimulator.Build.0 = Debug|Any CPU
		{A5B8155A-118F-4794-B551-C6F3CF7E5411}.Debug|x64.ActiveCfg = Debug|Any CPU
		{A5B8155A-118F-4794-B551-C6F3CF7E5411}.Debug|x64.Build.0 = Debug|Any CPU
		{A5B8155A-118F-4794-B551-C6F3CF7E5411}.Debug|x86.ActiveCfg = Debug|Any CPU
		{A5B8155A-118F-4794-B551-C6F3CF7E5411}.Debug|x86.Build.0 = Debug|Any CPU
		{A5B8155A-118F-4794-B551-C6F3CF7E5411}.Release|Any CPU.ActiveCfg = Release|Any CPU
		{A5B8155A-118F-4794-B551-C6F3CF7E5411}.Release|Any CPU.Build.0 = Release|Any CPU
		{A5B8155A-118F-4794-B551-C6F3CF7E5411}.Release|ARM.ActiveCfg = Release|Any CPU
		{A5B8155A-118F-4794-B551-C6F3CF7E5411}.Release|ARM.Build.0 = Release|Any CPU
		{A5B8155A-118F-4794-B551-C6F3CF7E5411}.Release|ARM64.ActiveCfg = Release|Any CPU
		{A5B8155A-118F-4794-B551-C6F3CF7E5411}.Release|ARM64.Build.0 = Release|Any CPU
		{A5B8155A-118F-4794-B551-C6F3CF7E5411}.Release|iPhone.ActiveCfg = Release|Any CPU
		{A5B8155A-118F-4794-B551-C6F3CF7E5411}.Release|iPhone.Build.0 = Release|Any CPU
		{A5B8155A-118F-4794-B551-C6F3CF7E5411}.Release|iPhoneSimulator.ActiveCfg = Release|Any CPU
		{A5B8155A-118F-4794-B551-C6F3CF7E5411}.Release|iPhoneSimulator.Build.0 = Release|Any CPU
		{A5B8155A-118F-4794-B551-C6F3CF7E5411}.Release|x64.ActiveCfg = Release|Any CPU
		{A5B8155A-118F-4794-B551-C6F3CF7E5411}.Release|x64.Build.0 = Release|Any CPU
		{A5B8155A-118F-4794-B551-C6F3CF7E5411}.Release|x86.ActiveCfg = Release|Any CPU
		{A5B8155A-118F-4794-B551-C6F3CF7E5411}.Release|x86.Build.0 = Release|Any CPU
		{6CF284A4-22B1-4F05-97F4-F095C07A598E}.Debug|Any CPU.ActiveCfg = Debug|Any CPU
		{6CF284A4-22B1-4F05-97F4-F095C07A598E}.Debug|Any CPU.Build.0 = Debug|Any CPU
		{6CF284A4-22B1-4F05-97F4-F095C07A598E}.Debug|ARM.ActiveCfg = Debug|Any CPU
		{6CF284A4-22B1-4F05-97F4-F095C07A598E}.Debug|ARM.Build.0 = Debug|Any CPU
		{6CF284A4-22B1-4F05-97F4-F095C07A598E}.Debug|ARM64.ActiveCfg = Debug|Any CPU
		{6CF284A4-22B1-4F05-97F4-F095C07A598E}.Debug|ARM64.Build.0 = Debug|Any CPU
		{6CF284A4-22B1-4F05-97F4-F095C07A598E}.Debug|iPhone.ActiveCfg = Debug|Any CPU
		{6CF284A4-22B1-4F05-97F4-F095C07A598E}.Debug|iPhone.Build.0 = Debug|Any CPU
		{6CF284A4-22B1-4F05-97F4-F095C07A598E}.Debug|iPhoneSimulator.ActiveCfg = Debug|Any CPU
		{6CF284A4-22B1-4F05-97F4-F095C07A598E}.Debug|iPhoneSimulator.Build.0 = Debug|Any CPU
		{6CF284A4-22B1-4F05-97F4-F095C07A598E}.Debug|x64.ActiveCfg = Debug|Any CPU
		{6CF284A4-22B1-4F05-97F4-F095C07A598E}.Debug|x64.Build.0 = Debug|Any CPU
		{6CF284A4-22B1-4F05-97F4-F095C07A598E}.Debug|x86.ActiveCfg = Debug|Any CPU
		{6CF284A4-22B1-4F05-97F4-F095C07A598E}.Debug|x86.Build.0 = Debug|Any CPU
		{6CF284A4-22B1-4F05-97F4-F095C07A598E}.Release|Any CPU.ActiveCfg = Release|Any CPU
		{6CF284A4-22B1-4F05-97F4-F095C07A598E}.Release|Any CPU.Build.0 = Release|Any CPU
		{6CF284A4-22B1-4F05-97F4-F095C07A598E}.Release|ARM.ActiveCfg = Release|Any CPU
		{6CF284A4-22B1-4F05-97F4-F095C07A598E}.Release|ARM.Build.0 = Release|Any CPU
		{6CF284A4-22B1-4F05-97F4-F095C07A598E}.Release|ARM64.ActiveCfg = Release|Any CPU
		{6CF284A4-22B1-4F05-97F4-F095C07A598E}.Release|ARM64.Build.0 = Release|Any CPU
		{6CF284A4-22B1-4F05-97F4-F095C07A598E}.Release|iPhone.ActiveCfg = Release|Any CPU
		{6CF284A4-22B1-4F05-97F4-F095C07A598E}.Release|iPhone.Build.0 = Release|Any CPU
		{6CF284A4-22B1-4F05-97F4-F095C07A598E}.Release|iPhoneSimulator.ActiveCfg = Release|Any CPU
		{6CF284A4-22B1-4F05-97F4-F095C07A598E}.Release|iPhoneSimulator.Build.0 = Release|Any CPU
		{6CF284A4-22B1-4F05-97F4-F095C07A598E}.Release|x64.ActiveCfg = Release|Any CPU
		{6CF284A4-22B1-4F05-97F4-F095C07A598E}.Release|x64.Build.0 = Release|Any CPU
		{6CF284A4-22B1-4F05-97F4-F095C07A598E}.Release|x86.ActiveCfg = Release|Any CPU
		{6CF284A4-22B1-4F05-97F4-F095C07A598E}.Release|x86.Build.0 = Release|Any CPU
		{1AA13270-F438-4864-9435-54FD806E10EA}.Debug|Any CPU.ActiveCfg = Debug|x86
		{1AA13270-F438-4864-9435-54FD806E10EA}.Debug|Any CPU.Build.0 = Debug|x86
		{1AA13270-F438-4864-9435-54FD806E10EA}.Debug|ARM.ActiveCfg = Debug|Any CPU
		{1AA13270-F438-4864-9435-54FD806E10EA}.Debug|ARM.Build.0 = Debug|Any CPU
		{1AA13270-F438-4864-9435-54FD806E10EA}.Debug|ARM64.ActiveCfg = Debug|x86
		{1AA13270-F438-4864-9435-54FD806E10EA}.Debug|ARM64.Build.0 = Debug|x86
		{1AA13270-F438-4864-9435-54FD806E10EA}.Debug|iPhone.ActiveCfg = Debug|Any CPU
		{1AA13270-F438-4864-9435-54FD806E10EA}.Debug|iPhone.Build.0 = Debug|Any CPU
		{1AA13270-F438-4864-9435-54FD806E10EA}.Debug|iPhoneSimulator.ActiveCfg = Debug|Any CPU
		{1AA13270-F438-4864-9435-54FD806E10EA}.Debug|iPhoneSimulator.Build.0 = Debug|Any CPU
		{1AA13270-F438-4864-9435-54FD806E10EA}.Debug|x64.ActiveCfg = Debug|x86
		{1AA13270-F438-4864-9435-54FD806E10EA}.Debug|x64.Build.0 = Debug|x86
		{1AA13270-F438-4864-9435-54FD806E10EA}.Debug|x86.ActiveCfg = Debug|x86
		{1AA13270-F438-4864-9435-54FD806E10EA}.Debug|x86.Build.0 = Debug|x86
		{1AA13270-F438-4864-9435-54FD806E10EA}.Release|Any CPU.ActiveCfg = Release|Any CPU
		{1AA13270-F438-4864-9435-54FD806E10EA}.Release|Any CPU.Build.0 = Release|Any CPU
		{1AA13270-F438-4864-9435-54FD806E10EA}.Release|ARM.ActiveCfg = Release|Any CPU
		{1AA13270-F438-4864-9435-54FD806E10EA}.Release|ARM.Build.0 = Release|Any CPU
		{1AA13270-F438-4864-9435-54FD806E10EA}.Release|ARM64.ActiveCfg = Release|x86
		{1AA13270-F438-4864-9435-54FD806E10EA}.Release|ARM64.Build.0 = Release|x86
		{1AA13270-F438-4864-9435-54FD806E10EA}.Release|iPhone.ActiveCfg = Release|Any CPU
		{1AA13270-F438-4864-9435-54FD806E10EA}.Release|iPhone.Build.0 = Release|Any CPU
		{1AA13270-F438-4864-9435-54FD806E10EA}.Release|iPhoneSimulator.ActiveCfg = Release|Any CPU
		{1AA13270-F438-4864-9435-54FD806E10EA}.Release|iPhoneSimulator.Build.0 = Release|Any CPU
		{1AA13270-F438-4864-9435-54FD806E10EA}.Release|x64.ActiveCfg = Release|x86
		{1AA13270-F438-4864-9435-54FD806E10EA}.Release|x64.Build.0 = Release|x86
		{1AA13270-F438-4864-9435-54FD806E10EA}.Release|x86.ActiveCfg = Release|x86
		{1AA13270-F438-4864-9435-54FD806E10EA}.Release|x86.Build.0 = Release|x86

		{40EA03F7-8A22-4143-B251-79BAC3EB13D2}.Debug|Any CPU.ActiveCfg = Debug|Any CPU
		{40EA03F7-8A22-4143-B251-79BAC3EB13D2}.Debug|Any CPU.Build.0 = Debug|Any CPU
		{40EA03F7-8A22-4143-B251-79BAC3EB13D2}.Debug|ARM.ActiveCfg = Debug|Any CPU
		{40EA03F7-8A22-4143-B251-79BAC3EB13D2}.Debug|ARM.Build.0 = Debug|Any CPU
		{40EA03F7-8A22-4143-B251-79BAC3EB13D2}.Debug|ARM64.ActiveCfg = Debug|Any CPU
		{40EA03F7-8A22-4143-B251-79BAC3EB13D2}.Debug|ARM64.Build.0 = Debug|Any CPU
		{40EA03F7-8A22-4143-B251-79BAC3EB13D2}.Debug|iPhone.ActiveCfg = Debug|Any CPU
		{40EA03F7-8A22-4143-B251-79BAC3EB13D2}.Debug|iPhone.Build.0 = Debug|Any CPU
		{40EA03F7-8A22-4143-B251-79BAC3EB13D2}.Debug|iPhoneSimulator.ActiveCfg = Debug|Any CPU
		{40EA03F7-8A22-4143-B251-79BAC3EB13D2}.Debug|iPhoneSimulator.Build.0 = Debug|Any CPU
		{40EA03F7-8A22-4143-B251-79BAC3EB13D2}.Debug|x64.ActiveCfg = Debug|Any CPU
		{40EA03F7-8A22-4143-B251-79BAC3EB13D2}.Debug|x64.Build.0 = Debug|Any CPU
		{40EA03F7-8A22-4143-B251-79BAC3EB13D2}.Debug|x86.ActiveCfg = Debug|Any CPU
		{40EA03F7-8A22-4143-B251-79BAC3EB13D2}.Debug|x86.Build.0 = Debug|Any CPU
		{40EA03F7-8A22-4143-B251-79BAC3EB13D2}.Release|Any CPU.ActiveCfg = Release|Any CPU
		{40EA03F7-8A22-4143-B251-79BAC3EB13D2}.Release|Any CPU.Build.0 = Release|Any CPU
		{40EA03F7-8A22-4143-B251-79BAC3EB13D2}.Release|ARM.ActiveCfg = Release|Any CPU
		{40EA03F7-8A22-4143-B251-79BAC3EB13D2}.Release|ARM.Build.0 = Release|Any CPU
		{40EA03F7-8A22-4143-B251-79BAC3EB13D2}.Release|ARM64.ActiveCfg = Release|Any CPU
		{40EA03F7-8A22-4143-B251-79BAC3EB13D2}.Release|ARM64.Build.0 = Release|Any CPU
		{40EA03F7-8A22-4143-B251-79BAC3EB13D2}.Release|iPhone.ActiveCfg = Release|Any CPU
		{40EA03F7-8A22-4143-B251-79BAC3EB13D2}.Release|iPhone.Build.0 = Release|Any CPU
		{40EA03F7-8A22-4143-B251-79BAC3EB13D2}.Release|iPhoneSimulator.ActiveCfg = Release|Any CPU
		{40EA03F7-8A22-4143-B251-79BAC3EB13D2}.Release|iPhoneSimulator.Build.0 = Release|Any CPU
		{40EA03F7-8A22-4143-B251-79BAC3EB13D2}.Release|x64.ActiveCfg = Release|Any CPU
		{40EA03F7-8A22-4143-B251-79BAC3EB13D2}.Release|x64.Build.0 = Release|Any CPU
		{40EA03F7-8A22-4143-B251-79BAC3EB13D2}.Release|x86.ActiveCfg = Release|Any CPU
		{40EA03F7-8A22-4143-B251-79BAC3EB13D2}.Release|x86.Build.0 = Release|Any CPU

		{E94C34F9-FA28-4C72-AD66-C504717D54A0}.Debug|Any CPU.ActiveCfg = Debug|iPhoneSimulator
		{E94C34F9-FA28-4C72-AD66-C504717D54A0}.Debug|Any CPU.Build.0 = Debug|iPhoneSimulator
		{E94C34F9-FA28-4C72-AD66-C504717D54A0}.Debug|ARM.ActiveCfg = Debug|iPhoneSimulator
		{E94C34F9-FA28-4C72-AD66-C504717D54A0}.Debug|ARM64.ActiveCfg = Debug|iPhoneSimulator
		{E94C34F9-FA28-4C72-AD66-C504717D54A0}.Debug|iPhone.ActiveCfg = Debug|iPhoneSimulator
		{E94C34F9-FA28-4C72-AD66-C504717D54A0}.Debug|iPhone.Build.0 = Debug|iPhoneSimulator
		{E94C34F9-FA28-4C72-AD66-C504717D54A0}.Debug|iPhoneSimulator.ActiveCfg = Debug|iPhoneSimulator
		{E94C34F9-FA28-4C72-AD66-C504717D54A0}.Debug|iPhoneSimulator.Build.0 = Debug|iPhoneSimulator
		{E94C34F9-FA28-4C72-AD66-C504717D54A0}.Debug|x64.ActiveCfg = Debug|iPhoneSimulator
		{E94C34F9-FA28-4C72-AD66-C504717D54A0}.Debug|x64.Build.0 = Debug|iPhoneSimulator
		{E94C34F9-FA28-4C72-AD66-C504717D54A0}.Debug|x86.ActiveCfg = Debug|iPhoneSimulator
		{E94C34F9-FA28-4C72-AD66-C504717D54A0}.Debug|x86.Build.0 = Debug|iPhoneSimulator
		{E94C34F9-FA28-4C72-AD66-C504717D54A0}.Release|Any CPU.ActiveCfg = Release|iPhoneSimulator
		{E94C34F9-FA28-4C72-AD66-C504717D54A0}.Release|ARM.ActiveCfg = Release|iPhoneSimulator
		{E94C34F9-FA28-4C72-AD66-C504717D54A0}.Release|ARM64.ActiveCfg = Release|iPhoneSimulator
		{E94C34F9-FA28-4C72-AD66-C504717D54A0}.Release|iPhone.ActiveCfg = Release|iPhoneSimulator
		{E94C34F9-FA28-4C72-AD66-C504717D54A0}.Release|iPhone.Build.0 = Release|iPhoneSimulator
		{E94C34F9-FA28-4C72-AD66-C504717D54A0}.Release|iPhoneSimulator.ActiveCfg = Release|iPhoneSimulator
		{E94C34F9-FA28-4C72-AD66-C504717D54A0}.Release|iPhoneSimulator.Build.0 = Release|iPhoneSimulator
		{E94C34F9-FA28-4C72-AD66-C504717D54A0}.Release|x64.ActiveCfg = Release|iPhoneSimulator
		{E94C34F9-FA28-4C72-AD66-C504717D54A0}.Release|x64.Build.0 = Release|iPhoneSimulator
		{E94C34F9-FA28-4C72-AD66-C504717D54A0}.Release|x86.ActiveCfg = Release|iPhoneSimulator
		{E94C34F9-FA28-4C72-AD66-C504717D54A0}.Release|x86.Build.0 = Release|iPhoneSimulator

		{04D3A50A-BD96-4168-A331-3AC5E63800DE}.Debug|Any CPU.ActiveCfg = Debug|arm64
		{04D3A50A-BD96-4168-A331-3AC5E63800DE}.Debug|Any CPU.Build.0 = Debug|arm64
		{04D3A50A-BD96-4168-A331-3AC5E63800DE}.Debug|ARM.ActiveCfg = Debug|Any CPU
		{04D3A50A-BD96-4168-A331-3AC5E63800DE}.Debug|ARM.Build.0 = Debug|Any CPU
		{04D3A50A-BD96-4168-A331-3AC5E63800DE}.Debug|ARM64.ActiveCfg = Debug|arm64
		{04D3A50A-BD96-4168-A331-3AC5E63800DE}.Debug|ARM64.Build.0 = Debug|arm64
		{04D3A50A-BD96-4168-A331-3AC5E63800DE}.Debug|iPhone.ActiveCfg = Debug|Any CPU
		{04D3A50A-BD96-4168-A331-3AC5E63800DE}.Debug|iPhone.Build.0 = Debug|Any CPU
		{04D3A50A-BD96-4168-A331-3AC5E63800DE}.Debug|iPhoneSimulator.ActiveCfg = Debug|Any CPU
		{04D3A50A-BD96-4168-A331-3AC5E63800DE}.Debug|iPhoneSimulator.Build.0 = Debug|Any CPU
		{04D3A50A-BD96-4168-A331-3AC5E63800DE}.Debug|x64.ActiveCfg = Debug|x64
		{04D3A50A-BD96-4168-A331-3AC5E63800DE}.Debug|x64.Build.0 = Debug|x64
		{04D3A50A-BD96-4168-A331-3AC5E63800DE}.Debug|x86.ActiveCfg = Debug|x86
		{04D3A50A-BD96-4168-A331-3AC5E63800DE}.Debug|x86.Build.0 = Debug|x86
		{04D3A50A-BD96-4168-A331-3AC5E63800DE}.Release|Any CPU.ActiveCfg = Release|Any CPU
		{04D3A50A-BD96-4168-A331-3AC5E63800DE}.Release|Any CPU.Build.0 = Release|Any CPU
		{04D3A50A-BD96-4168-A331-3AC5E63800DE}.Release|ARM.ActiveCfg = Release|Any CPU
		{04D3A50A-BD96-4168-A331-3AC5E63800DE}.Release|ARM.Build.0 = Release|Any CPU
		{04D3A50A-BD96-4168-A331-3AC5E63800DE}.Release|ARM64.ActiveCfg = Release|arm64
		{04D3A50A-BD96-4168-A331-3AC5E63800DE}.Release|ARM64.Build.0 = Release|arm64
		{04D3A50A-BD96-4168-A331-3AC5E63800DE}.Release|iPhone.ActiveCfg = Release|Any CPU
		{04D3A50A-BD96-4168-A331-3AC5E63800DE}.Release|iPhone.Build.0 = Release|Any CPU
		{04D3A50A-BD96-4168-A331-3AC5E63800DE}.Release|iPhoneSimulator.ActiveCfg = Release|Any CPU
		{04D3A50A-BD96-4168-A331-3AC5E63800DE}.Release|iPhoneSimulator.Build.0 = Release|Any CPU
		{04D3A50A-BD96-4168-A331-3AC5E63800DE}.Release|x64.ActiveCfg = Release|x64
		{04D3A50A-BD96-4168-A331-3AC5E63800DE}.Release|x64.Build.0 = Release|x64
		{04D3A50A-BD96-4168-A331-3AC5E63800DE}.Release|x86.ActiveCfg = Release|x86
		{04D3A50A-BD96-4168-A331-3AC5E63800DE}.Release|x86.Build.0 = Release|x86

	EndGlobalSection
	GlobalSection(SolutionProperties) = preSolution
		HideSolutionNode = FALSE
	EndGlobalSection
	GlobalSection(ExtensibilityGlobals) = postSolution
		SolutionGuid = {C7433AE2-B1A0-4C1A-887E-5CAA7AAF67A6}
	EndGlobalSection
EndGlobal
