
Microsoft Visual Studio Solution File, Format Version 12.00
Project("{FAE04EC0-301F-11D3-BF4B-00C04F79EFBC}") = "Mediator", "Mediator.csproj", "{03CCC487-C218-4D95-A874-0CA42AE2494D}"
EndProject
Global
	GlobalSection(SolutionConfigurationPlatforms) = preSolution
		Debug|Any CPU = Debug|Any CPU
		Release|Any CPU = Release|Any CPU
	EndGlobalSection
	GlobalSection(ProjectConfigurationPlatforms) = postSolution
		{03CCC487-C218-4D95-A874-0CA42AE2494D}.Debug|Any CPU.ActiveCfg = Debug|Any CPU
		{03CCC487-C218-4D95-A874-0CA42AE2494D}.Debug|Any CPU.Build.0 = Debug|Any CPU
		{03CCC487-C218-4D95-A874-0CA42AE2494D}.Release|Any CPU.ActiveCfg = Release|Any CPU
		{03CCC487-C218-4D95-A874-0CA42AE2494D}.Release|Any CPU.Build.0 = Release|Any CPU
	EndGlobalSection
EndGlobal
