
Microsoft Visual Studio Solution File, Format Version 12.00
Project("{FAE04EC0-301F-11D3-BF4B-00C04F79EFBC}") = "BranchPrediction", "BranchPrediction.csproj", "{3EE37DE4-9EBC-4E5C-8B21-CB6E57DDB499}"
EndProject
Global
	GlobalSection(SolutionConfigurationPlatforms) = preSolution
		Debug|Any CPU = Debug|Any CPU
		Release|Any CPU = Release|Any CPU
	EndGlobalSection
	GlobalSection(ProjectConfigurationPlatforms) = postSolution
		{3EE37DE4-9EBC-4E5C-8B21-CB6E57DDB499}.Debug|Any CPU.ActiveCfg = Debug|Any CPU
		{3EE37DE4-9EBC-4E5C-8B21-CB6E57DDB499}.Debug|Any CPU.Build.0 = Debug|Any CPU
		{3EE37DE4-9EBC-4E5C-8B21-CB6E57DDB499}.Release|Any CPU.ActiveCfg = Release|Any CPU
		{3EE37DE4-9EBC-4E5C-8B21-CB6E57DDB499}.Release|Any CPU.Build.0 = Release|Any CPU
	EndGlobalSection
EndGlobal
